// !$*UTF8*$!
{
	archiveVersion = 1;
	classes = {
	};
	objectVersion = 46;
	objects = {

/* Begin PBXBuildFile section */
		AE2AE56B1BA3BC8F003C35F8 /* main.m in Sources */ = {isa = PBXBuildFile; fileRef = AE2AE56A1BA3BC8F003C35F8 /* main.m */; };
		AE2AE56E1BA3BC8F003C35F8 /* AppDelegate.m in Sources */ = {isa = PBXBuildFile; fileRef = AE2AE56D1BA3BC8F003C35F8 /* AppDelegate.m */; };
		AE2AE5711BA3BC8F003C35F8 /* ViewController.m in Sources */ = {isa = PBXBuildFile; fileRef = AE2AE5701BA3BC8F003C35F8 /* ViewController.m */; };
		AE2AE5741BA3BC8F003C35F8 /* Main.storyboard in Resources */ = {isa = PBXBuildFile; fileRef = AE2AE5721BA3BC8F003C35F8 /* Main.storyboard */; };
		AE2AE5761BA3BC8F003C35F8 /* Images.xcassets in Resources */ = {isa = PBXBuildFile; fileRef = AE2AE5751BA3BC8F003C35F8 /* Images.xcassets */; };
		AE2AE5791BA3BC8F003C35F8 /* LaunchScreen.xib in Resources */ = {isa = PBXBuildFile; fileRef = AE2AE5771BA3BC8F003C35F8 /* LaunchScreen.xib */; };
		AE2AE5851BA3BC8F003C35F8 /* NodeTreeTests.m in Sources */ = {isa = PBXBuildFile; fileRef = AE2AE5841BA3BC8F003C35F8 /* NodeTreeTests.m */; };
		AE2AE58D1BA3BCD1003C35F8 /* libjsonbroker.library.ios.a in Frameworks */ = {isa = PBXBuildFile; fileRef = AE2AE58C1BA3BCD1003C35F8 /* libjsonbroker.library.ios.a */; };
		AE2AE59A1BA3BD63003C35F8 /* libsqlite3.dylib in Frameworks */ = {isa = PBXBuildFile; fileRef = AEB961341A36C4B200A363E8 /* libsqlite3.dylib */; };
		AE2AE5D41BA3CE49003C35F8 /* NTIntegerEncoder.m in Sources */ = {isa = PBXBuildFile; fileRef = AE2AE5B11BA3CE49003C35F8 /* NTIntegerEncoder.m */; };
		AE2AE5D51BA3CE49003C35F8 /* NTNode.m in Sources */ = {isa = PBXBuildFile; fileRef = AE2AE5B31BA3CE49003C35F8 /* NTNode.m */; };
		AE2AE5D61BA3CE49003C35F8 /* NTNodeContext.m in Sources */ = {isa = PBXBuildFile; fileRef = AE2AE5B51BA3CE49003C35F8 /* NTNodeContext.m */; };
		AE2AE5D71BA3CE49003C35F8 /* NTNodeTree.m in Sources */ = {isa = PBXBuildFile; fileRef = AE2AE5B71BA3CE49003C35F8 /* NTNodeTree.m */; };
		AE2AE5E81BA3CE62003C35F8 /* NTBooleanIntegrationTest.m in Sources */ = {isa = PBXBuildFile; fileRef = AE2AE5CB1BA3CE49003C35F8 /* NTBooleanIntegrationTest.m */; };
		AE2AE5E91BA3CE62003C35F8 /* NTDoubleIntegrationTest.m in Sources */ = {isa = PBXBuildFile; fileRef = AE2AE5CC1BA3CE49003C35F8 /* NTDoubleIntegrationTest.m */; };
		AE2AE5EA1BA3CE62003C35F8 /* NTIntegerIntegrationTest.m in Sources */ = {isa = PBXBuildFile; fileRef = AE2AE5CD1BA3CE49003C35F8 /* NTIntegerIntegrationTest.m */; };
		AE2AE5EB1BA3CE62003C35F8 /* NTNodeIntegrationTest.m in Sources */ = {isa = PBXBuildFile; fileRef = AE2AE5CE1BA3CE49003C35F8 /* NTNodeIntegrationTest.m */; };
		AE2AE5EC1BA3CE62003C35F8 /* NTNullIntegrationTest.m in Sources */ = {isa = PBXBuildFile; fileRef = AE2AE5CF1BA3CE49003C35F8 /* NTNullIntegrationTest.m */; };
		AE2AE5ED1BA3CE62003C35F8 /* NTStringIntegrationTest.m in Sources */ = {isa = PBXBuildFile; fileRef = AE2AE5D01BA3CE49003C35F8 /* NTStringIntegrationTest.m */; };
		AE2AE5EE1BA3CE62003C35F8 /* NTTestContext.m in Sources */ = {isa = PBXBuildFile; fileRef = AE2AE5D21BA3CE49003C35F8 /* NTTestContext.m */; };
		AE2AE62A1BA3D3A2003C35F8 /* NTJSONWriter.m in Sources */ = {isa = PBXBuildFile; fileRef = AE2AE6291BA3D3A2003C35F8 /* NTJSONWriter.m */; };
		AE2AE6331BA3DA1F003C35F8 /* NTJSONWriterIntegrationTest.m in Sources */ = {isa = PBXBuildFile; fileRef = AE2AE6321BA3DA1F003C35F8 /* NTJSONWriterIntegrationTest.m */; };
		AE2AE6351BA3DC1C003C35F8 /* NTJSONWriterIntegrationTest.testWriteVLCPlayingStatus.json in Resources */ = {isa = PBXBuildFile; fileRef = AE2AE6341BA3DC1C003C35F8 /* NTJSONWriterIntegrationTest.testWriteVLCPlayingStatus.json */; };
		AE2AE6361BA3DC97003C35F8 /* NTJSONWriterIntegrationTest.testWriteVLCPlayingStatus.json in Resources */ = {isa = PBXBuildFile; fileRef = AE2AE6341BA3DC1C003C35F8 /* NTJSONWriterIntegrationTest.testWriteVLCPlayingStatus.json */; };
		AEA0619A1C81601E0059DE2D /* XPBlueImpPostFileRequestHandler.m in Sources */ = {isa = PBXBuildFile; fileRef = AEA061951C8160120059DE2D /* XPBlueImpPostFileRequestHandler.m */; };
		AEA0619B1C81601E0059DE2D /* XPPostFileMultiPartHandler.m in Sources */ = {isa = PBXBuildFile; fileRef = AEA061971C8160120059DE2D /* XPPostFileMultiPartHandler.m */; };
		AEA0619C1C81601E0059DE2D /* XPPostFilePartHandler.m in Sources */ = {isa = PBXBuildFile; fileRef = AEA061991C8160120059DE2D /* XPPostFilePartHandler.m */; };
		AEA0619D1C8160260059DE2D /* XPGetFilesForDownloadJob.m in Sources */ = {isa = PBXBuildFile; fileRef = AEA0618A1C8160120059DE2D /* XPGetFilesForDownloadJob.m */; };
		AEA0619E1C8160260059DE2D /* XPGetFileProxy.m in Sources */ = {isa = PBXBuildFile; fileRef = AEA0618C1C8160120059DE2D /* XPGetFileProxy.m */; };
		AEA0619F1C8160260059DE2D /* XPGetFileRequestHandler.m in Sources */ = {isa = PBXBuildFile; fileRef = AEA0618E1C8160120059DE2D /* XPGetFileRequestHandler.m */; };
		AEA061A01C8160260059DE2D /* XPGetFileService.m in Sources */ = {isa = PBXBuildFile; fileRef = AEA061901C8160120059DE2D /* XPGetFileService.m */; };
		AEA061A11C8160260059DE2D /* XPRemoteFileReference.m in Sources */ = {isa = PBXBuildFile; fileRef = AEA061921C8160120059DE2D /* XPRemoteFileReference.m */; };
		AEA061A21C81603D0059DE2D /* RGFile.m in Sources */ = {isa = PBXBuildFile; fileRef = AEA061601C8160120059DE2D /* RGFile.m */; };
		AEA061A31C81603D0059DE2D /* RGFilePathUtilities.m in Sources */ = {isa = PBXBuildFile; fileRef = AEA061621C8160120059DE2D /* RGFilePathUtilities.m */; };
		AEA061A41C81603D0059DE2D /* RGFileService.m in Sources */ = {isa = PBXBuildFile; fileRef = AEA061641C8160120059DE2D /* RGFileService.m */; };
		AEA061A51C81603D0059DE2D /* RGFileServiceConstants.m in Sources */ = {isa = PBXBuildFile; fileRef = AEA061661C8160120059DE2D /* RGFileServiceConstants.m */; };
		AEA061A61C81603D0059DE2D /* RGFileServiceErrorCodes.m in Sources */ = {isa = PBXBuildFile; fileRef = AEA061681C8160120059DE2D /* RGFileServiceErrorCodes.m */; };
		AEA061A71C81603D0059DE2D /* RGFileSorters.m in Sources */ = {isa = PBXBuildFile; fileRef = AEA0616A1C8160120059DE2D /* RGFileSorters.m */; };
		AEA061A81C81603D0059DE2D /* RGFileTransaction.m in Sources */ = {isa = PBXBuildFile; fileRef = AEA0616C1C8160120059DE2D /* RGFileTransaction.m */; };
		AEA061A91C81603D0059DE2D /* RGFileTransactionManager.m in Sources */ = {isa = PBXBuildFile; fileRef = AEA0616E1C8160120059DE2D /* RGFileTransactionManager.m */; };
		AEA061AA1C81603D0059DE2D /* RGPullFile.m in Sources */ = {isa = PBXBuildFile; fileRef = AEA061701C8160120059DE2D /* RGPullFile.m */; };
		AEA061AB1C81603D0059DE2D /* RGPushFile.m in Sources */ = {isa = PBXBuildFile; fileRef = AEA061721C8160120059DE2D /* RGPushFile.m */; };
		AEA061AC1C81603D0059DE2D /* RGUriUtilities.m in Sources */ = {isa = PBXBuildFile; fileRef = AEA061741C8160120059DE2D /* RGUriUtilities.m */; };
		AEA061AD1C81603D0059DE2D /* VACommonObjects.m in Sources */ = {isa = PBXBuildFile; fileRef = AEA061761C8160120059DE2D /* VACommonObjects.m */; };
		AEA061AE1C81603D0059DE2D /* VPFileMediaHandle.m in Sources */ = {isa = PBXBuildFile; fileRef = AEA061781C8160120059DE2D /* VPFileMediaHandle.m */; };
		AEA061AF1C81603D0059DE2D /* VPLocalStorage.m in Sources */ = {isa = PBXBuildFile; fileRef = AEA0617A1C8160120059DE2D /* VPLocalStorage.m */; };
		AEA061B01C81603D0059DE2D /* VPMediaHandleSet.m in Sources */ = {isa = PBXBuildFile; fileRef = AEA0617D1C8160120059DE2D /* VPMediaHandleSet.m */; };
		AEA061B11C81603D0059DE2D /* VPStorageSelectConductorHelper.m in Sources */ = {isa = PBXBuildFile; fileRef = AEA0617F1C8160120059DE2D /* VPStorageSelectConductorHelper.m */; };
		AEA061B21C81603D0059DE2D /* XPHostnameUtilities.m in Sources */ = {isa = PBXBuildFile; fileRef = AEA061811C8160120059DE2D /* XPHostnameUtilities.m */; };
		AEA061B31C81603D0059DE2D /* XPStorageManagerHelper.m in Sources */ = {isa = PBXBuildFile; fileRef = AEA061841C8160120059DE2D /* XPStorageManagerHelper.m */; };
		AEA061B41C81603D0059DE2D /* XPStorageMetaData.m in Sources */ = {isa = PBXBuildFile; fileRef = AEA061861C8160120059DE2D /* XPStorageMetaData.m */; };
		AEA061B81C8160ED0059DE2D /* HLEntityHelper.m in Sources */ = {isa = PBXBuildFile; fileRef = AEA061B71C8160ED0059DE2D /* HLEntityHelper.m */; };
		AEA061BB1C81623E0059DE2D /* HLDataEntity.m in Sources */ = {isa = PBXBuildFile; fileRef = AEA061BA1C81623E0059DE2D /* HLDataEntity.m */; };
		AEA061BE1C8163410059DE2D /* HLHttpStatus.m in Sources */ = {isa = PBXBuildFile; fileRef = AEA061BD1C8163410059DE2D /* HLHttpStatus.m */; };
		AEA061C11C8163840059DE2D /* HLHttpStatus_ErrorDomain.m in Sources */ = {isa = PBXBuildFile; fileRef = AEA061C01C8163840059DE2D /* HLHttpStatus_ErrorDomain.m */; };
		AEA061C41C8165B50059DE2D /* CAInputStreamHelper.m in Sources */ = {isa = PBXBuildFile; fileRef = AEA061C31C8165B50059DE2D /* CAInputStreamHelper.m */; };
		AEA061C71C8167F50059DE2D /* HLStreamEntity.m in Sources */ = {isa = PBXBuildFile; fileRef = AEA061C61C8167F50059DE2D /* HLStreamEntity.m */; };
		AEA061CE1C8168D30059DE2D /* CABaseException.m in Sources */ = {isa = PBXBuildFile; fileRef = AEA061CD1C8168D30059DE2D /* CABaseException.m */; };
		AEA061D11C816B070059DE2D /* CAStreamHelper.m in Sources */ = {isa = PBXBuildFile; fileRef = AEA061D01C816B070059DE2D /* CAStreamHelper.m */; };
		AEA061D41C816B8B0059DE2D /* CAOutputStreamHelper.m in Sources */ = {isa = PBXBuildFile; fileRef = AEA061D31C816B8B0059DE2D /* CAOutputStreamHelper.m */; };
		AEA061F31C816C8E0059DE2D /* HLAuthenticationHeaderScanner.m in Sources */ = {isa = PBXBuildFile; fileRef = AEA061D71C816C8E0059DE2D /* HLAuthenticationHeaderScanner.m */; };
		AEA061F51C816C8E0059DE2D /* HLMediaType.m in Sources */ = {isa = PBXBuildFile; fileRef = AEA061DC1C816C8E0059DE2D /* HLMediaType.m */; };
		AEA061F71C816C8E0059DE2D /* HLParametersScanner.m in Sources */ = {isa = PBXBuildFile; fileRef = AEA061E01C816C8E0059DE2D /* HLParametersScanner.m */; };
		AEA061F81C816C8E0059DE2D /* HLAuthorization.m in Sources */ = {isa = PBXBuildFile; fileRef = AEA061E31C816C8E0059DE2D /* HLAuthorization.m */; };
		AEA061FA1C816C8E0059DE2D /* HLRange.m in Sources */ = {isa = PBXBuildFile; fileRef = AEA061E71C816C8E0059DE2D /* HLRange.m */; };
		AEA061FC1C816C8E0059DE2D /* HLAuthenticationInfo.m in Sources */ = {isa = PBXBuildFile; fileRef = AEA061EC1C816C8E0059DE2D /* HLAuthenticationInfo.m */; };
		AEA061FE1C816C8E0059DE2D /* HLWwwAuthenticate.m in Sources */ = {isa = PBXBuildFile; fileRef = AEA061F01C816C8E0059DE2D /* HLWwwAuthenticate.m */; };
		AEA062001C816EF50059DE2D /* HLAuthenticationHeaderScannerUnitTest.m in Sources */ = {isa = PBXBuildFile; fileRef = AEA061D91C816C8E0059DE2D /* HLAuthenticationHeaderScannerUnitTest.m */; };
		AEA062011C816EF50059DE2D /* HLAuthorizationUnitTest.m in Sources */ = {isa = PBXBuildFile; fileRef = AEA061E51C816C8E0059DE2D /* HLAuthorizationUnitTest.m */; };
		AEA062021C816EF50059DE2D /* HLAuthenticationInfoUnitTest.m in Sources */ = {isa = PBXBuildFile; fileRef = AEA061EE1C816C8E0059DE2D /* HLAuthenticationInfoUnitTest.m */; };
		AEA062031C816EF50059DE2D /* HLWwwAuthenticateUnitTest.m in Sources */ = {isa = PBXBuildFile; fileRef = AEA061F21C816C8E0059DE2D /* HLWwwAuthenticateUnitTest.m */; };
		AEA062061C8170CF0059DE2D /* CANumericUtilities.m in Sources */ = {isa = PBXBuildFile; fileRef = AEA062051C8170CF0059DE2D /* CANumericUtilities.m */; };
		AEA0620A1C8173040059DE2D /* CASecurityUtilities.m in Sources */ = {isa = PBXBuildFile; fileRef = AEA062091C8173040059DE2D /* CASecurityUtilities.m */; };
		AEA0620D1C8173780059DE2D /* CAStringHelper.m in Sources */ = {isa = PBXBuildFile; fileRef = AEA0620C1C8173780059DE2D /* CAStringHelper.m */; };
		AEA062101C81745B0059DE2D /* CARandomUtilities.m in Sources */ = {isa = PBXBuildFile; fileRef = AEA0620F1C81745B0059DE2D /* CARandomUtilities.m */; };
		AEA062111C8175A80059DE2D /* HLRangeUnitTest.m in Sources */ = {isa = PBXBuildFile; fileRef = AEA061E91C816C8E0059DE2D /* HLRangeUnitTest.m */; };
		AEA062161C8177B10059DE2D /* NTJSONReader.m in Sources */ = {isa = PBXBuildFile; fileRef = AEA062131C8177B10059DE2D /* NTJSONReader.m */; };
		AEA062171C8177B10059DE2D /* NTJSONReaderIntegrationTest.buildRoot.json in Resources */ = {isa = PBXBuildFile; fileRef = AEA062141C8177B10059DE2D /* NTJSONReaderIntegrationTest.buildRoot.json */; };
		AEA062191C8177EE0059DE2D /* NTJSONReaderIntegrationTest.m in Sources */ = {isa = PBXBuildFile; fileRef = AEA062151C8177B10059DE2D /* NTJSONReaderIntegrationTest.m */; };
		AEA0621A1C8178310059DE2D /* NTJSONReaderIntegrationTest.buildRoot.json in Resources */ = {isa = PBXBuildFile; fileRef = AEA062141C8177B10059DE2D /* NTJSONReaderIntegrationTest.buildRoot.json */; };
		AEAEE82F1C79DF7D0039B59B /* CALog.m in Sources */ = {isa = PBXBuildFile; fileRef = AEAEE82D1C79DF6C0039B59B /* CALog.m */; };
		AEAEE8571C79E6340039B59B /* NTNodeTreeSchema.m in Sources */ = {isa = PBXBuildFile; fileRef = AEAEE8561C79E6340039B59B /* NTNodeTreeSchema.m */; };
		AEAEE8681C79E6C10039B59B /* CASqliteConnection.m in Sources */ = {isa = PBXBuildFile; fileRef = AEAEE85A1C79E6C10039B59B /* CASqliteConnection.m */; };
		AEAEE8691C79E6C10039B59B /* CASqliteStatement.m in Sources */ = {isa = PBXBuildFile; fileRef = AEAEE85C1C79E6C10039B59B /* CASqliteStatement.m */; };
		AEAEE86A1C79E6C10039B59B /* CASqliteUtilities.m in Sources */ = {isa = PBXBuildFile; fileRef = AEAEE85E1C79E6C10039B59B /* CASqliteUtilities.m */; };
		AEAEE86B1C79E6C10039B59B /* CAColumnDescriptor.m in Sources */ = {isa = PBXBuildFile; fileRef = AEAEE8611C79E6C10039B59B /* CAColumnDescriptor.m */; };
		AEAEE86C1C79E6C10039B59B /* CASchemaManager.m in Sources */ = {isa = PBXBuildFile; fileRef = AEAEE8631C79E6C10039B59B /* CASchemaManager.m */; };
		AEAEE86D1C79E6C10039B59B /* CATableDescriptor.m in Sources */ = {isa = PBXBuildFile; fileRef = AEAEE8651C79E6C10039B59B /* CATableDescriptor.m */; };
		AEAEE86E1C79E6C10039B59B /* CATableProperty.m in Sources */ = {isa = PBXBuildFile; fileRef = AEAEE8671C79E6C10039B59B /* CATableProperty.m */; };
		AEAEE8741C79EE620039B59B /* CAClassHelper.m in Sources */ = {isa = PBXBuildFile; fileRef = AEAEE8711C79EE620039B59B /* CAClassHelper.m */; };
		AEAEE8751C79EE620039B59B /* CADataHelper.m in Sources */ = {isa = PBXBuildFile; fileRef = AEAEE8731C79EE620039B59B /* CADataHelper.m */; };
		AEEA167E1BF825D700AF3281 /* NTNodeStreamListener.m in Sources */ = {isa = PBXBuildFile; fileRef = AEEA167D1BF825D700AF3281 /* NTNodeStreamListener.m */; };
		AEEA16841BF826C500AF3281 /* NTNodeTreeReader.m in Sources */ = {isa = PBXBuildFile; fileRef = AEEA16831BF826C500AF3281 /* NTNodeTreeReader.m */; };
		AEEA16871BF827D400AF3281 /* NTNodeTreeReaderDelegate.m in Sources */ = {isa = PBXBuildFile; fileRef = AEEA16861BF827D400AF3281 /* NTNodeTreeReaderDelegate.m */; };
		AEEA168A1BF8286900AF3281 /* NTNodePropertyDelegate.m in Sources */ = {isa = PBXBuildFile; fileRef = AEEA16891BF8286900AF3281 /* NTNodePropertyDelegate.m */; };
		AEEA168C1BF8434300AF3281 /* NTNodeTreeReaderIntegrationTest.m in Sources */ = {isa = PBXBuildFile; fileRef = AEEA168B1BF8434300AF3281 /* NTNodeTreeReaderIntegrationTest.m */; };
		AEEA168E1BF8436C00AF3281 /* NTNodeTreeReaderIntegrationTest.json in Resources */ = {isa = PBXBuildFile; fileRef = AEEA168D1BF8436C00AF3281 /* NTNodeTreeReaderIntegrationTest.json */; };
		AEEA16901BF845B900AF3281 /* NTNodeTreeReaderIntegrationTest.json in Resources */ = {isa = PBXBuildFile; fileRef = AEEA168D1BF8436C00AF3281 /* NTNodeTreeReaderIntegrationTest.json */; };
		AEF03AC21BAD302200923748 /* NTNodeIterator.m in Sources */ = {isa = PBXBuildFile; fileRef = AEF03AC11BAD302200923748 /* NTNodeIterator.m */; };
		AEF03ACD1BAD597900923748 /* NTNodePropertyIterator.m in Sources */ = {isa = PBXBuildFile; fileRef = AEF03ACC1BAD597900923748 /* NTNodePropertyIterator.m */; };
		AEF03AD01BAD59E400923748 /* NTNodeProperty.m in Sources */ = {isa = PBXBuildFile; fileRef = AEF03ACF1BAD59E400923748 /* NTNodeProperty.m */; };
/* End PBXBuildFile section */

/* Begin PBXContainerItemProxy section */
		AE2AE57F1BA3BC8F003C35F8 /* PBXContainerItemProxy */ = {
			isa = PBXContainerItemProxy;
			containerPortal = AEB960341A36ABAD00A363E8 /* Project object */;
			proxyType = 1;
			remoteGlobalIDString = AE2AE5651BA3BC8F003C35F8;
			remoteInfo = NodeTree;
		};
/* End PBXContainerItemProxy section */

/* Begin PBXFileReference section */
		AE2AE5661BA3BC8F003C35F8 /* NodeTree.app */ = {isa = PBXFileReference; explicitFileType = wrapper.application; includeInIndex = 0; path = NodeTree.app; sourceTree = BUILT_PRODUCTS_DIR; };
		AE2AE5691BA3BC8F003C35F8 /* Info.plist */ = {isa = PBXFileReference; lastKnownFileType = text.plist.xml; path = Info.plist; sourceTree = "<group>"; };
		AE2AE56A1BA3BC8F003C35F8 /* main.m */ = {isa = PBXFileReference; lastKnownFileType = sourcecode.c.objc; path = main.m; sourceTree = "<group>"; };
		AE2AE56C1BA3BC8F003C35F8 /* AppDelegate.h */ = {isa = PBXFileReference; lastKnownFileType = sourcecode.c.h; path = AppDelegate.h; sourceTree = "<group>"; };
		AE2AE56D1BA3BC8F003C35F8 /* AppDelegate.m */ = {isa = PBXFileReference; lastKnownFileType = sourcecode.c.objc; path = AppDelegate.m; sourceTree = "<group>"; };
		AE2AE56F1BA3BC8F003C35F8 /* ViewController.h */ = {isa = PBXFileReference; lastKnownFileType = sourcecode.c.h; path = ViewController.h; sourceTree = "<group>"; };
		AE2AE5701BA3BC8F003C35F8 /* ViewController.m */ = {isa = PBXFileReference; lastKnownFileType = sourcecode.c.objc; path = ViewController.m; sourceTree = "<group>"; };
		AE2AE5731BA3BC8F003C35F8 /* Base */ = {isa = PBXFileReference; lastKnownFileType = file.storyboard; name = Base; path = Base.lproj/Main.storyboard; sourceTree = "<group>"; };
		AE2AE5751BA3BC8F003C35F8 /* Images.xcassets */ = {isa = PBXFileReference; lastKnownFileType = folder.assetcatalog; path = Images.xcassets; sourceTree = "<group>"; };
		AE2AE5781BA3BC8F003C35F8 /* Base */ = {isa = PBXFileReference; lastKnownFileType = file.xib; name = Base; path = Base.lproj/LaunchScreen.xib; sourceTree = "<group>"; };
		AE2AE57E1BA3BC8F003C35F8 /* NodeTreeTests.xctest */ = {isa = PBXFileReference; explicitFileType = wrapper.cfbundle; includeInIndex = 0; path = NodeTreeTests.xctest; sourceTree = BUILT_PRODUCTS_DIR; };
		AE2AE5831BA3BC8F003C35F8 /* Info.plist */ = {isa = PBXFileReference; lastKnownFileType = text.plist.xml; path = Info.plist; sourceTree = "<group>"; };
		AE2AE5841BA3BC8F003C35F8 /* NodeTreeTests.m */ = {isa = PBXFileReference; lastKnownFileType = sourcecode.c.objc; path = NodeTreeTests.m; sourceTree = "<group>"; };
		AE2AE58C1BA3BCD1003C35F8 /* libjsonbroker.library.ios.a */ = {isa = PBXFileReference; lastKnownFileType = archive.ar; name = libjsonbroker.library.ios.a; path = "../jsonbroker/build/Debug-iphoneos/libjsonbroker.library.ios.a"; sourceTree = "<group>"; };
		AE2AE5B01BA3CE49003C35F8 /* NTIntegerEncoder.h */ = {isa = PBXFileReference; fileEncoding = 4; lastKnownFileType = sourcecode.c.h; path = NTIntegerEncoder.h; sourceTree = "<group>"; };
		AE2AE5B11BA3CE49003C35F8 /* NTIntegerEncoder.m */ = {isa = PBXFileReference; fileEncoding = 4; lastKnownFileType = sourcecode.c.objc; path = NTIntegerEncoder.m; sourceTree = "<group>"; };
		AE2AE5B21BA3CE49003C35F8 /* NTNode.h */ = {isa = PBXFileReference; fileEncoding = 4; lastKnownFileType = sourcecode.c.h; path = NTNode.h; sourceTree = "<group>"; };
		AE2AE5B31BA3CE49003C35F8 /* NTNode.m */ = {isa = PBXFileReference; fileEncoding = 4; lastKnownFileType = sourcecode.c.objc; path = NTNode.m; sourceTree = "<group>"; };
		AE2AE5B41BA3CE49003C35F8 /* NTNodeContext.h */ = {isa = PBXFileReference; fileEncoding = 4; lastKnownFileType = sourcecode.c.h; path = NTNodeContext.h; sourceTree = "<group>"; };
		AE2AE5B51BA3CE49003C35F8 /* NTNodeContext.m */ = {isa = PBXFileReference; fileEncoding = 4; lastKnownFileType = sourcecode.c.objc; path = NTNodeContext.m; sourceTree = "<group>"; };
		AE2AE5B61BA3CE49003C35F8 /* NTNodeTree.h */ = {isa = PBXFileReference; fileEncoding = 4; lastKnownFileType = sourcecode.c.h; path = NTNodeTree.h; sourceTree = "<group>"; };
		AE2AE5B71BA3CE49003C35F8 /* NTNodeTree.m */ = {isa = PBXFileReference; fileEncoding = 4; lastKnownFileType = sourcecode.c.objc; path = NTNodeTree.m; sourceTree = "<group>"; };
		AE2AE5CB1BA3CE49003C35F8 /* NTBooleanIntegrationTest.m */ = {isa = PBXFileReference; fileEncoding = 4; lastKnownFileType = sourcecode.c.objc; path = NTBooleanIntegrationTest.m; sourceTree = "<group>"; };
		AE2AE5CC1BA3CE49003C35F8 /* NTDoubleIntegrationTest.m */ = {isa = PBXFileReference; fileEncoding = 4; lastKnownFileType = sourcecode.c.objc; path = NTDoubleIntegrationTest.m; sourceTree = "<group>"; };
		AE2AE5CD1BA3CE49003C35F8 /* NTIntegerIntegrationTest.m */ = {isa = PBXFileReference; fileEncoding = 4; lastKnownFileType = sourcecode.c.objc; path = NTIntegerIntegrationTest.m; sourceTree = "<group>"; };
		AE2AE5CE1BA3CE49003C35F8 /* NTNodeIntegrationTest.m */ = {isa = PBXFileReference; fileEncoding = 4; lastKnownFileType = sourcecode.c.objc; path = NTNodeIntegrationTest.m; sourceTree = "<group>"; };
		AE2AE5CF1BA3CE49003C35F8 /* NTNullIntegrationTest.m */ = {isa = PBXFileReference; fileEncoding = 4; lastKnownFileType = sourcecode.c.objc; path = NTNullIntegrationTest.m; sourceTree = "<group>"; };
		AE2AE5D01BA3CE49003C35F8 /* NTStringIntegrationTest.m */ = {isa = PBXFileReference; fileEncoding = 4; lastKnownFileType = sourcecode.c.objc; path = NTStringIntegrationTest.m; sourceTree = "<group>"; };
		AE2AE5D11BA3CE49003C35F8 /* NTTestContext.h */ = {isa = PBXFileReference; fileEncoding = 4; lastKnownFileType = sourcecode.c.h; path = NTTestContext.h; sourceTree = "<group>"; };
		AE2AE5D21BA3CE49003C35F8 /* NTTestContext.m */ = {isa = PBXFileReference; fileEncoding = 4; lastKnownFileType = sourcecode.c.objc; path = NTTestContext.m; sourceTree = "<group>"; };
		AE2AE6281BA3D3A2003C35F8 /* NTJSONWriter.h */ = {isa = PBXFileReference; fileEncoding = 4; lastKnownFileType = sourcecode.c.h; path = NTJSONWriter.h; sourceTree = "<group>"; };
		AE2AE6291BA3D3A2003C35F8 /* NTJSONWriter.m */ = {isa = PBXFileReference; fileEncoding = 4; lastKnownFileType = sourcecode.c.objc; path = NTJSONWriter.m; sourceTree = "<group>"; };
		AE2AE6321BA3DA1F003C35F8 /* NTJSONWriterIntegrationTest.m */ = {isa = PBXFileReference; fileEncoding = 4; lastKnownFileType = sourcecode.c.objc; path = NTJSONWriterIntegrationTest.m; sourceTree = "<group>"; };
		AE2AE6341BA3DC1C003C35F8 /* NTJSONWriterIntegrationTest.testWriteVLCPlayingStatus.json */ = {isa = PBXFileReference; fileEncoding = 4; lastKnownFileType = text.json; path = NTJSONWriterIntegrationTest.testWriteVLCPlayingStatus.json; sourceTree = "<group>"; };
		AEA0615E1C8160120059DE2D /* FileTransactionDelegate.h */ = {isa = PBXFileReference; lastKnownFileType = sourcecode.c.h; path = FileTransactionDelegate.h; sourceTree = "<group>"; };
		AEA0615F1C8160120059DE2D /* RGFile.h */ = {isa = PBXFileReference; lastKnownFileType = sourcecode.c.h; path = RGFile.h; sourceTree = "<group>"; };
		AEA061601C8160120059DE2D /* RGFile.m */ = {isa = PBXFileReference; lastKnownFileType = sourcecode.c.objc; path = RGFile.m; sourceTree = "<group>"; };
		AEA061611C8160120059DE2D /* RGFilePathUtilities.h */ = {isa = PBXFileReference; lastKnownFileType = sourcecode.c.h; path = RGFilePathUtilities.h; sourceTree = "<group>"; };
		AEA061621C8160120059DE2D /* RGFilePathUtilities.m */ = {isa = PBXFileReference; lastKnownFileType = sourcecode.c.objc; path = RGFilePathUtilities.m; sourceTree = "<group>"; };
		AEA061631C8160120059DE2D /* RGFileService.h */ = {isa = PBXFileReference; lastKnownFileType = sourcecode.c.h; path = RGFileService.h; sourceTree = "<group>"; };
		AEA061641C8160120059DE2D /* RGFileService.m */ = {isa = PBXFileReference; lastKnownFileType = sourcecode.c.objc; path = RGFileService.m; sourceTree = "<group>"; };
		AEA061651C8160120059DE2D /* RGFileServiceConstants.h */ = {isa = PBXFileReference; lastKnownFileType = sourcecode.c.h; path = RGFileServiceConstants.h; sourceTree = "<group>"; };
		AEA061661C8160120059DE2D /* RGFileServiceConstants.m */ = {isa = PBXFileReference; lastKnownFileType = sourcecode.c.objc; path = RGFileServiceConstants.m; sourceTree = "<group>"; };
		AEA061671C8160120059DE2D /* RGFileServiceErrorCodes.h */ = {isa = PBXFileReference; lastKnownFileType = sourcecode.c.h; path = RGFileServiceErrorCodes.h; sourceTree = "<group>"; };
		AEA061681C8160120059DE2D /* RGFileServiceErrorCodes.m */ = {isa = PBXFileReference; lastKnownFileType = sourcecode.c.objc; path = RGFileServiceErrorCodes.m; sourceTree = "<group>"; };
		AEA061691C8160120059DE2D /* RGFileSorters.h */ = {isa = PBXFileReference; lastKnownFileType = sourcecode.c.h; path = RGFileSorters.h; sourceTree = "<group>"; };
		AEA0616A1C8160120059DE2D /* RGFileSorters.m */ = {isa = PBXFileReference; lastKnownFileType = sourcecode.c.objc; path = RGFileSorters.m; sourceTree = "<group>"; };
		AEA0616B1C8160120059DE2D /* RGFileTransaction.h */ = {isa = PBXFileReference; lastKnownFileType = sourcecode.c.h; path = RGFileTransaction.h; sourceTree = "<group>"; };
		AEA0616C1C8160120059DE2D /* RGFileTransaction.m */ = {isa = PBXFileReference; lastKnownFileType = sourcecode.c.objc; path = RGFileTransaction.m; sourceTree = "<group>"; };
		AEA0616D1C8160120059DE2D /* RGFileTransactionManager.h */ = {isa = PBXFileReference; lastKnownFileType = sourcecode.c.h; path = RGFileTransactionManager.h; sourceTree = "<group>"; };
		AEA0616E1C8160120059DE2D /* RGFileTransactionManager.m */ = {isa = PBXFileReference; lastKnownFileType = sourcecode.c.objc; path = RGFileTransactionManager.m; sourceTree = "<group>"; };
		AEA0616F1C8160120059DE2D /* RGPullFile.h */ = {isa = PBXFileReference; lastKnownFileType = sourcecode.c.h; path = RGPullFile.h; sourceTree = "<group>"; };
		AEA061701C8160120059DE2D /* RGPullFile.m */ = {isa = PBXFileReference; lastKnownFileType = sourcecode.c.objc; path = RGPullFile.m; sourceTree = "<group>"; };
		AEA061711C8160120059DE2D /* RGPushFile.h */ = {isa = PBXFileReference; lastKnownFileType = sourcecode.c.h; path = RGPushFile.h; sourceTree = "<group>"; };
		AEA061721C8160120059DE2D /* RGPushFile.m */ = {isa = PBXFileReference; lastKnownFileType = sourcecode.c.objc; path = RGPushFile.m; sourceTree = "<group>"; };
		AEA061731C8160120059DE2D /* RGUriUtilities.h */ = {isa = PBXFileReference; lastKnownFileType = sourcecode.c.h; path = RGUriUtilities.h; sourceTree = "<group>"; };
		AEA061741C8160120059DE2D /* RGUriUtilities.m */ = {isa = PBXFileReference; lastKnownFileType = sourcecode.c.objc; path = RGUriUtilities.m; sourceTree = "<group>"; };
		AEA061751C8160120059DE2D /* VACommonObjects.h */ = {isa = PBXFileReference; lastKnownFileType = sourcecode.c.h; path = VACommonObjects.h; sourceTree = "<group>"; };
		AEA061761C8160120059DE2D /* VACommonObjects.m */ = {isa = PBXFileReference; lastKnownFileType = sourcecode.c.objc; path = VACommonObjects.m; sourceTree = "<group>"; };
		AEA061771C8160120059DE2D /* VPFileMediaHandle.h */ = {isa = PBXFileReference; lastKnownFileType = sourcecode.c.h; path = VPFileMediaHandle.h; sourceTree = "<group>"; };
		AEA061781C8160120059DE2D /* VPFileMediaHandle.m */ = {isa = PBXFileReference; lastKnownFileType = sourcecode.c.objc; path = VPFileMediaHandle.m; sourceTree = "<group>"; };
		AEA061791C8160120059DE2D /* VPLocalStorage.h */ = {isa = PBXFileReference; lastKnownFileType = sourcecode.c.h; path = VPLocalStorage.h; sourceTree = "<group>"; };
		AEA0617A1C8160120059DE2D /* VPLocalStorage.m */ = {isa = PBXFileReference; lastKnownFileType = sourcecode.c.objc; path = VPLocalStorage.m; sourceTree = "<group>"; };
		AEA0617B1C8160120059DE2D /* VPMediaHandle.h */ = {isa = PBXFileReference; lastKnownFileType = sourcecode.c.h; path = VPMediaHandle.h; sourceTree = "<group>"; };
		AEA0617C1C8160120059DE2D /* VPMediaHandleSet.h */ = {isa = PBXFileReference; lastKnownFileType = sourcecode.c.h; path = VPMediaHandleSet.h; sourceTree = "<group>"; };
		AEA0617D1C8160120059DE2D /* VPMediaHandleSet.m */ = {isa = PBXFileReference; lastKnownFileType = sourcecode.c.objc; path = VPMediaHandleSet.m; sourceTree = "<group>"; };
		AEA0617E1C8160120059DE2D /* VPStorageSelectConductorHelper.h */ = {isa = PBXFileReference; lastKnownFileType = sourcecode.c.h; path = VPStorageSelectConductorHelper.h; sourceTree = "<group>"; };
		AEA0617F1C8160120059DE2D /* VPStorageSelectConductorHelper.m */ = {isa = PBXFileReference; lastKnownFileType = sourcecode.c.objc; path = VPStorageSelectConductorHelper.m; sourceTree = "<group>"; };
		AEA061801C8160120059DE2D /* XPHostnameUtilities.h */ = {isa = PBXFileReference; lastKnownFileType = sourcecode.c.h; path = XPHostnameUtilities.h; sourceTree = "<group>"; };
		AEA061811C8160120059DE2D /* XPHostnameUtilities.m */ = {isa = PBXFileReference; lastKnownFileType = sourcecode.c.objc; path = XPHostnameUtilities.m; sourceTree = "<group>"; };
		AEA061821C8160120059DE2D /* XPStorageManager.h */ = {isa = PBXFileReference; lastKnownFileType = sourcecode.c.h; path = XPStorageManager.h; sourceTree = "<group>"; };
		AEA061831C8160120059DE2D /* XPStorageManagerHelper.h */ = {isa = PBXFileReference; lastKnownFileType = sourcecode.c.h; path = XPStorageManagerHelper.h; sourceTree = "<group>"; };
		AEA061841C8160120059DE2D /* XPStorageManagerHelper.m */ = {isa = PBXFileReference; lastKnownFileType = sourcecode.c.objc; path = XPStorageManagerHelper.m; sourceTree = "<group>"; };
		AEA061851C8160120059DE2D /* XPStorageMetaData.h */ = {isa = PBXFileReference; lastKnownFileType = sourcecode.c.h; path = XPStorageMetaData.h; sourceTree = "<group>"; };
		AEA061861C8160120059DE2D /* XPStorageMetaData.m */ = {isa = PBXFileReference; lastKnownFileType = sourcecode.c.objc; path = XPStorageMetaData.m; sourceTree = "<group>"; };
		AEA061891C8160120059DE2D /* XPGetFilesForDownloadJob.h */ = {isa = PBXFileReference; lastKnownFileType = sourcecode.c.h; path = XPGetFilesForDownloadJob.h; sourceTree = "<group>"; };
		AEA0618A1C8160120059DE2D /* XPGetFilesForDownloadJob.m */ = {isa = PBXFileReference; lastKnownFileType = sourcecode.c.objc; path = XPGetFilesForDownloadJob.m; sourceTree = "<group>"; };
		AEA0618B1C8160120059DE2D /* XPGetFileProxy.h */ = {isa = PBXFileReference; lastKnownFileType = sourcecode.c.h; path = XPGetFileProxy.h; sourceTree = "<group>"; };
		AEA0618C1C8160120059DE2D /* XPGetFileProxy.m */ = {isa = PBXFileReference; lastKnownFileType = sourcecode.c.objc; path = XPGetFileProxy.m; sourceTree = "<group>"; };
		AEA0618D1C8160120059DE2D /* XPGetFileRequestHandler.h */ = {isa = PBXFileReference; lastKnownFileType = sourcecode.c.h; path = XPGetFileRequestHandler.h; sourceTree = "<group>"; };
		AEA0618E1C8160120059DE2D /* XPGetFileRequestHandler.m */ = {isa = PBXFileReference; lastKnownFileType = sourcecode.c.objc; path = XPGetFileRequestHandler.m; sourceTree = "<group>"; };
		AEA0618F1C8160120059DE2D /* XPGetFileService.h */ = {isa = PBXFileReference; lastKnownFileType = sourcecode.c.h; path = XPGetFileService.h; sourceTree = "<group>"; };
		AEA061901C8160120059DE2D /* XPGetFileService.m */ = {isa = PBXFileReference; lastKnownFileType = sourcecode.c.objc; path = XPGetFileService.m; sourceTree = "<group>"; };
		AEA061911C8160120059DE2D /* XPRemoteFileReference.h */ = {isa = PBXFileReference; lastKnownFileType = sourcecode.c.h; path = XPRemoteFileReference.h; sourceTree = "<group>"; };
		AEA061921C8160120059DE2D /* XPRemoteFileReference.m */ = {isa = PBXFileReference; lastKnownFileType = sourcecode.c.objc; path = XPRemoteFileReference.m; sourceTree = "<group>"; };
		AEA061941C8160120059DE2D /* XPBlueImpPostFileRequestHandler.h */ = {isa = PBXFileReference; lastKnownFileType = sourcecode.c.h; path = XPBlueImpPostFileRequestHandler.h; sourceTree = "<group>"; };
		AEA061951C8160120059DE2D /* XPBlueImpPostFileRequestHandler.m */ = {isa = PBXFileReference; lastKnownFileType = sourcecode.c.objc; path = XPBlueImpPostFileRequestHandler.m; sourceTree = "<group>"; };
		AEA061961C8160120059DE2D /* XPPostFileMultiPartHandler.h */ = {isa = PBXFileReference; lastKnownFileType = sourcecode.c.h; path = XPPostFileMultiPartHandler.h; sourceTree = "<group>"; };
		AEA061971C8160120059DE2D /* XPPostFileMultiPartHandler.m */ = {isa = PBXFileReference; lastKnownFileType = sourcecode.c.objc; path = XPPostFileMultiPartHandler.m; sourceTree = "<group>"; };
		AEA061981C8160120059DE2D /* XPPostFilePartHandler.h */ = {isa = PBXFileReference; lastKnownFileType = sourcecode.c.h; path = XPPostFilePartHandler.h; sourceTree = "<group>"; };
		AEA061991C8160120059DE2D /* XPPostFilePartHandler.m */ = {isa = PBXFileReference; lastKnownFileType = sourcecode.c.objc; path = XPPostFilePartHandler.m; sourceTree = "<group>"; };
		AEA061B51C8160870059DE2D /* HLEntity.h */ = {isa = PBXFileReference; lastKnownFileType = sourcecode.c.h; path = HLEntity.h; sourceTree = "<group>"; };
		AEA061B61C8160ED0059DE2D /* HLEntityHelper.h */ = {isa = PBXFileReference; fileEncoding = 4; lastKnownFileType = sourcecode.c.h; path = HLEntityHelper.h; sourceTree = "<group>"; };
		AEA061B71C8160ED0059DE2D /* HLEntityHelper.m */ = {isa = PBXFileReference; fileEncoding = 4; lastKnownFileType = sourcecode.c.objc; path = HLEntityHelper.m; sourceTree = "<group>"; };
		AEA061B91C81623E0059DE2D /* HLDataEntity.h */ = {isa = PBXFileReference; fileEncoding = 4; lastKnownFileType = sourcecode.c.h; path = HLDataEntity.h; sourceTree = "<group>"; };
		AEA061BA1C81623E0059DE2D /* HLDataEntity.m */ = {isa = PBXFileReference; fileEncoding = 4; lastKnownFileType = sourcecode.c.objc; path = HLDataEntity.m; sourceTree = "<group>"; };
		AEA061BC1C8163410059DE2D /* HLHttpStatus.h */ = {isa = PBXFileReference; fileEncoding = 4; lastKnownFileType = sourcecode.c.h; path = HLHttpStatus.h; sourceTree = "<group>"; };
		AEA061BD1C8163410059DE2D /* HLHttpStatus.m */ = {isa = PBXFileReference; fileEncoding = 4; lastKnownFileType = sourcecode.c.objc; path = HLHttpStatus.m; sourceTree = "<group>"; };
		AEA061BF1C8163840059DE2D /* HLHttpStatus_ErrorDomain.h */ = {isa = PBXFileReference; fileEncoding = 4; lastKnownFileType = sourcecode.c.h; path = HLHttpStatus_ErrorDomain.h; sourceTree = "<group>"; };
		AEA061C01C8163840059DE2D /* HLHttpStatus_ErrorDomain.m */ = {isa = PBXFileReference; fileEncoding = 4; lastKnownFileType = sourcecode.c.objc; path = HLHttpStatus_ErrorDomain.m; sourceTree = "<group>"; };
		AEA061C21C8165B50059DE2D /* CAInputStreamHelper.h */ = {isa = PBXFileReference; fileEncoding = 4; lastKnownFileType = sourcecode.c.h; path = CAInputStreamHelper.h; sourceTree = "<group>"; };
		AEA061C31C8165B50059DE2D /* CAInputStreamHelper.m */ = {isa = PBXFileReference; fileEncoding = 4; lastKnownFileType = sourcecode.c.objc; path = CAInputStreamHelper.m; sourceTree = "<group>"; };
		AEA061C51C8167F50059DE2D /* HLStreamEntity.h */ = {isa = PBXFileReference; fileEncoding = 4; lastKnownFileType = sourcecode.c.h; path = HLStreamEntity.h; sourceTree = "<group>"; };
		AEA061C61C8167F50059DE2D /* HLStreamEntity.m */ = {isa = PBXFileReference; fileEncoding = 4; lastKnownFileType = sourcecode.c.objc; path = HLStreamEntity.m; sourceTree = "<group>"; };
		AEA061CC1C8168D30059DE2D /* CABaseException.h */ = {isa = PBXFileReference; fileEncoding = 4; lastKnownFileType = sourcecode.c.h; path = CABaseException.h; sourceTree = "<group>"; };
		AEA061CD1C8168D30059DE2D /* CABaseException.m */ = {isa = PBXFileReference; fileEncoding = 4; lastKnownFileType = sourcecode.c.objc; path = CABaseException.m; sourceTree = "<group>"; };
		AEA061CF1C816B070059DE2D /* CAStreamHelper.h */ = {isa = PBXFileReference; fileEncoding = 4; lastKnownFileType = sourcecode.c.h; path = CAStreamHelper.h; sourceTree = "<group>"; };
		AEA061D01C816B070059DE2D /* CAStreamHelper.m */ = {isa = PBXFileReference; fileEncoding = 4; lastKnownFileType = sourcecode.c.objc; path = CAStreamHelper.m; sourceTree = "<group>"; };
		AEA061D21C816B8B0059DE2D /* CAOutputStreamHelper.h */ = {isa = PBXFileReference; fileEncoding = 4; lastKnownFileType = sourcecode.c.h; path = CAOutputStreamHelper.h; sourceTree = "<group>"; };
		AEA061D31C816B8B0059DE2D /* CAOutputStreamHelper.m */ = {isa = PBXFileReference; fileEncoding = 4; lastKnownFileType = sourcecode.c.objc; path = CAOutputStreamHelper.m; sourceTree = "<group>"; };
		AEA061D61C816C8E0059DE2D /* HLAuthenticationHeaderScanner.h */ = {isa = PBXFileReference; fileEncoding = 4; lastKnownFileType = sourcecode.c.h; path = HLAuthenticationHeaderScanner.h; sourceTree = "<group>"; };
		AEA061D71C816C8E0059DE2D /* HLAuthenticationHeaderScanner.m */ = {isa = PBXFileReference; fileEncoding = 4; lastKnownFileType = sourcecode.c.objc; path = HLAuthenticationHeaderScanner.m; sourceTree = "<group>"; };
		AEA061D91C816C8E0059DE2D /* HLAuthenticationHeaderScannerUnitTest.m */ = {isa = PBXFileReference; fileEncoding = 4; lastKnownFileType = sourcecode.c.objc; path = HLAuthenticationHeaderScannerUnitTest.m; sourceTree = "<group>"; };
		AEA061DA1C816C8E0059DE2D /* HLHttpHeader.h */ = {isa = PBXFileReference; fileEncoding = 4; lastKnownFileType = sourcecode.c.h; path = HLHttpHeader.h; sourceTree = "<group>"; };
		AEA061DB1C816C8E0059DE2D /* HLMediaType.h */ = {isa = PBXFileReference; fileEncoding = 4; lastKnownFileType = sourcecode.c.h; path = HLMediaType.h; sourceTree = "<group>"; };
		AEA061DC1C816C8E0059DE2D /* HLMediaType.m */ = {isa = PBXFileReference; fileEncoding = 4; lastKnownFileType = sourcecode.c.objc; path = HLMediaType.m; sourceTree = "<group>"; };
		AEA061DD1C816C8E0059DE2D /* HLMediaTypeUnitTest.h */ = {isa = PBXFileReference; fileEncoding = 4; lastKnownFileType = sourcecode.c.h; path = HLMediaTypeUnitTest.h; sourceTree = "<group>"; };
		AEA061DE1C816C8E0059DE2D /* HLMediaTypeUnitTest.m */ = {isa = PBXFileReference; fileEncoding = 4; lastKnownFileType = sourcecode.c.objc; path = HLMediaTypeUnitTest.m; sourceTree = "<group>"; };
		AEA061DF1C816C8E0059DE2D /* HLParametersScanner.h */ = {isa = PBXFileReference; fileEncoding = 4; lastKnownFileType = sourcecode.c.h; path = HLParametersScanner.h; sourceTree = "<group>"; };
		AEA061E01C816C8E0059DE2D /* HLParametersScanner.m */ = {isa = PBXFileReference; fileEncoding = 4; lastKnownFileType = sourcecode.c.objc; path = HLParametersScanner.m; sourceTree = "<group>"; };
		AEA061E21C816C8E0059DE2D /* HLAuthorization.h */ = {isa = PBXFileReference; fileEncoding = 4; lastKnownFileType = sourcecode.c.h; path = HLAuthorization.h; sourceTree = "<group>"; };
		AEA061E31C816C8E0059DE2D /* HLAuthorization.m */ = {isa = PBXFileReference; fileEncoding = 4; lastKnownFileType = sourcecode.c.objc; path = HLAuthorization.m; sourceTree = "<group>"; };
		AEA061E51C816C8E0059DE2D /* HLAuthorizationUnitTest.m */ = {isa = PBXFileReference; fileEncoding = 4; lastKnownFileType = sourcecode.c.objc; path = HLAuthorizationUnitTest.m; sourceTree = "<group>"; };
		AEA061E61C816C8E0059DE2D /* HLRange.h */ = {isa = PBXFileReference; fileEncoding = 4; lastKnownFileType = sourcecode.c.h; path = HLRange.h; sourceTree = "<group>"; };
		AEA061E71C816C8E0059DE2D /* HLRange.m */ = {isa = PBXFileReference; fileEncoding = 4; lastKnownFileType = sourcecode.c.objc; path = HLRange.m; sourceTree = "<group>"; };
		AEA061E91C816C8E0059DE2D /* HLRangeUnitTest.m */ = {isa = PBXFileReference; fileEncoding = 4; lastKnownFileType = sourcecode.c.objc; path = HLRangeUnitTest.m; sourceTree = "<group>"; };
		AEA061EB1C816C8E0059DE2D /* HLAuthenticationInfo.h */ = {isa = PBXFileReference; fileEncoding = 4; lastKnownFileType = sourcecode.c.h; path = HLAuthenticationInfo.h; sourceTree = "<group>"; };
		AEA061EC1C816C8E0059DE2D /* HLAuthenticationInfo.m */ = {isa = PBXFileReference; fileEncoding = 4; lastKnownFileType = sourcecode.c.objc; path = HLAuthenticationInfo.m; sourceTree = "<group>"; };
		AEA061EE1C816C8E0059DE2D /* HLAuthenticationInfoUnitTest.m */ = {isa = PBXFileReference; fileEncoding = 4; lastKnownFileType = sourcecode.c.objc; path = HLAuthenticationInfoUnitTest.m; sourceTree = "<group>"; };
		AEA061EF1C816C8E0059DE2D /* HLWwwAuthenticate.h */ = {isa = PBXFileReference; fileEncoding = 4; lastKnownFileType = sourcecode.c.h; path = HLWwwAuthenticate.h; sourceTree = "<group>"; };
		AEA061F01C816C8E0059DE2D /* HLWwwAuthenticate.m */ = {isa = PBXFileReference; fileEncoding = 4; lastKnownFileType = sourcecode.c.objc; path = HLWwwAuthenticate.m; sourceTree = "<group>"; };
		AEA061F21C816C8E0059DE2D /* HLWwwAuthenticateUnitTest.m */ = {isa = PBXFileReference; fileEncoding = 4; lastKnownFileType = sourcecode.c.objc; path = HLWwwAuthenticateUnitTest.m; sourceTree = "<group>"; };
		AEA062041C8170CF0059DE2D /* CANumericUtilities.h */ = {isa = PBXFileReference; fileEncoding = 4; lastKnownFileType = sourcecode.c.h; path = CANumericUtilities.h; sourceTree = "<group>"; };
		AEA062051C8170CF0059DE2D /* CANumericUtilities.m */ = {isa = PBXFileReference; fileEncoding = 4; lastKnownFileType = sourcecode.c.objc; path = CANumericUtilities.m; sourceTree = "<group>"; };
		AEA062081C8173040059DE2D /* CASecurityUtilities.h */ = {isa = PBXFileReference; fileEncoding = 4; lastKnownFileType = sourcecode.c.h; path = CASecurityUtilities.h; sourceTree = "<group>"; };
		AEA062091C8173040059DE2D /* CASecurityUtilities.m */ = {isa = PBXFileReference; fileEncoding = 4; lastKnownFileType = sourcecode.c.objc; path = CASecurityUtilities.m; sourceTree = "<group>"; };
		AEA0620B1C8173780059DE2D /* CAStringHelper.h */ = {isa = PBXFileReference; fileEncoding = 4; lastKnownFileType = sourcecode.c.h; path = CAStringHelper.h; sourceTree = "<group>"; };
		AEA0620C1C8173780059DE2D /* CAStringHelper.m */ = {isa = PBXFileReference; fileEncoding = 4; lastKnownFileType = sourcecode.c.objc; path = CAStringHelper.m; sourceTree = "<group>"; };
		AEA0620E1C81745B0059DE2D /* CARandomUtilities.h */ = {isa = PBXFileReference; fileEncoding = 4; lastKnownFileType = sourcecode.c.h; path = CARandomUtilities.h; sourceTree = "<group>"; };
		AEA0620F1C81745B0059DE2D /* CARandomUtilities.m */ = {isa = PBXFileReference; fileEncoding = 4; lastKnownFileType = sourcecode.c.objc; path = CARandomUtilities.m; sourceTree = "<group>"; };
		AEA062121C8177B10059DE2D /* NTJSONReader.h */ = {isa = PBXFileReference; fileEncoding = 4; lastKnownFileType = sourcecode.c.h; path = NTJSONReader.h; sourceTree = "<group>"; };
		AEA062131C8177B10059DE2D /* NTJSONReader.m */ = {isa = PBXFileReference; fileEncoding = 4; lastKnownFileType = sourcecode.c.objc; path = NTJSONReader.m; sourceTree = "<group>"; };
		AEA062141C8177B10059DE2D /* NTJSONReaderIntegrationTest.buildRoot.json */ = {isa = PBXFileReference; fileEncoding = 4; lastKnownFileType = text.json; path = NTJSONReaderIntegrationTest.buildRoot.json; sourceTree = "<group>"; };
		AEA062151C8177B10059DE2D /* NTJSONReaderIntegrationTest.m */ = {isa = PBXFileReference; fileEncoding = 4; lastKnownFileType = sourcecode.c.objc; path = NTJSONReaderIntegrationTest.m; sourceTree = "<group>"; };
		AEA062201C817BF10059DE2D /* ErrorBuilder.h */ = {isa = PBXFileReference; lastKnownFileType = sourcecode.c.h; path = ErrorBuilder.h; sourceTree = "<group>"; };
		AEA062211C817BF10059DE2D /* ErrorBuilder.swift */ = {isa = PBXFileReference; lastKnownFileType = sourcecode.swift; path = ErrorBuilder.swift; sourceTree = "<group>"; };
		AEA062221C817BF10059DE2D /* ErrorHandler.swift */ = {isa = PBXFileReference; lastKnownFileType = sourcecode.swift; path = ErrorHandler.swift; sourceTree = "<group>"; };
		AEA062231C817BF10059DE2D /* ErrorHelper.swift */ = {isa = PBXFileReference; lastKnownFileType = sourcecode.swift; path = ErrorHelper.swift; sourceTree = "<group>"; };
		AEA062241C817BF10059DE2D /* FoundationAnnex.h */ = {isa = PBXFileReference; lastKnownFileType = sourcecode.c.h; path = FoundationAnnex.h; sourceTree = "<group>"; };
		AEA062251C817BF10059DE2D /* Info.plist */ = {isa = PBXFileReference; lastKnownFileType = text.plist.xml; path = Info.plist; sourceTree = "<group>"; };
		AEA062261C817BF10059DE2D /* InputStreamHelper.swift */ = {isa = PBXFileReference; lastKnownFileType = sourcecode.swift; path = InputStreamHelper.swift; sourceTree = "<group>"; };
		AEA062281C817BF10059DE2D /* FALog.h */ = {isa = PBXFileReference; lastKnownFileType = sourcecode.c.h; path = FALog.h; sourceTree = "<group>"; };
		AEA062291C817BF10059DE2D /* FALog.m */ = {isa = PBXFileReference; lastKnownFileType = sourcecode.c.objc; path = FALog.m; sourceTree = "<group>"; };
		AEA0622A1C817BF10059DE2D /* NumericUtilities.swift */ = {isa = PBXFileReference; lastKnownFileType = sourcecode.swift; path = NumericUtilities.swift; sourceTree = "<group>"; };
		AEA0622B1C817BF10059DE2D /* OutputStreamHelper.swift */ = {isa = PBXFileReference; lastKnownFileType = sourcecode.swift; path = OutputStreamHelper.swift; sourceTree = "<group>"; };
		AEA0622C1C817BF10059DE2D /* StreamHelper.swift */ = {isa = PBXFileReference; lastKnownFileType = sourcecode.swift; path = StreamHelper.swift; sourceTree = "<group>"; };
		AEAEE82C1C79DF6C0039B59B /* CALog.h */ = {isa = PBXFileReference; lastKnownFileType = sourcecode.c.h; path = CALog.h; sourceTree = "<group>"; };
		AEAEE82D1C79DF6C0039B59B /* CALog.m */ = {isa = PBXFileReference; lastKnownFileType = sourcecode.c.objc; path = CALog.m; sourceTree = "<group>"; };
		AEAEE8551C79E6340039B59B /* NTNodeTreeSchema.h */ = {isa = PBXFileReference; fileEncoding = 4; lastKnownFileType = sourcecode.c.h; path = NTNodeTreeSchema.h; sourceTree = "<group>"; };
		AEAEE8561C79E6340039B59B /* NTNodeTreeSchema.m */ = {isa = PBXFileReference; fileEncoding = 4; lastKnownFileType = sourcecode.c.objc; path = NTNodeTreeSchema.m; sourceTree = "<group>"; };
		AEAEE8591C79E6C10039B59B /* CASqliteConnection.h */ = {isa = PBXFileReference; fileEncoding = 4; lastKnownFileType = sourcecode.c.h; path = CASqliteConnection.h; sourceTree = "<group>"; };
		AEAEE85A1C79E6C10039B59B /* CASqliteConnection.m */ = {isa = PBXFileReference; fileEncoding = 4; lastKnownFileType = sourcecode.c.objc; path = CASqliteConnection.m; sourceTree = "<group>"; };
		AEAEE85B1C79E6C10039B59B /* CASqliteStatement.h */ = {isa = PBXFileReference; fileEncoding = 4; lastKnownFileType = sourcecode.c.h; path = CASqliteStatement.h; sourceTree = "<group>"; };
		AEAEE85C1C79E6C10039B59B /* CASqliteStatement.m */ = {isa = PBXFileReference; fileEncoding = 4; lastKnownFileType = sourcecode.c.objc; path = CASqliteStatement.m; sourceTree = "<group>"; };
		AEAEE85D1C79E6C10039B59B /* CASqliteUtilities.h */ = {isa = PBXFileReference; fileEncoding = 4; lastKnownFileType = sourcecode.c.h; path = CASqliteUtilities.h; sourceTree = "<group>"; };
		AEAEE85E1C79E6C10039B59B /* CASqliteUtilities.m */ = {isa = PBXFileReference; fileEncoding = 4; lastKnownFileType = sourcecode.c.objc; path = CASqliteUtilities.m; sourceTree = "<group>"; };
		AEAEE8601C79E6C10039B59B /* CAColumnDescriptor.h */ = {isa = PBXFileReference; fileEncoding = 4; lastKnownFileType = sourcecode.c.h; path = CAColumnDescriptor.h; sourceTree = "<group>"; };
		AEAEE8611C79E6C10039B59B /* CAColumnDescriptor.m */ = {isa = PBXFileReference; fileEncoding = 4; lastKnownFileType = sourcecode.c.objc; path = CAColumnDescriptor.m; sourceTree = "<group>"; };
		AEAEE8621C79E6C10039B59B /* CASchemaManager.h */ = {isa = PBXFileReference; fileEncoding = 4; lastKnownFileType = sourcecode.c.h; path = CASchemaManager.h; sourceTree = "<group>"; };
		AEAEE8631C79E6C10039B59B /* CASchemaManager.m */ = {isa = PBXFileReference; fileEncoding = 4; lastKnownFileType = sourcecode.c.objc; path = CASchemaManager.m; sourceTree = "<group>"; };
		AEAEE8641C79E6C10039B59B /* CATableDescriptor.h */ = {isa = PBXFileReference; fileEncoding = 4; lastKnownFileType = sourcecode.c.h; path = CATableDescriptor.h; sourceTree = "<group>"; };
		AEAEE8651C79E6C10039B59B /* CATableDescriptor.m */ = {isa = PBXFileReference; fileEncoding = 4; lastKnownFileType = sourcecode.c.objc; path = CATableDescriptor.m; sourceTree = "<group>"; };
		AEAEE8661C79E6C10039B59B /* CATableProperty.h */ = {isa = PBXFileReference; fileEncoding = 4; lastKnownFileType = sourcecode.c.h; path = CATableProperty.h; sourceTree = "<group>"; };
		AEAEE8671C79E6C10039B59B /* CATableProperty.m */ = {isa = PBXFileReference; fileEncoding = 4; lastKnownFileType = sourcecode.c.objc; path = CATableProperty.m; sourceTree = "<group>"; };
		AEAEE8701C79EE620039B59B /* CAClassHelper.h */ = {isa = PBXFileReference; fileEncoding = 4; lastKnownFileType = sourcecode.c.h; path = CAClassHelper.h; sourceTree = "<group>"; };
		AEAEE8711C79EE620039B59B /* CAClassHelper.m */ = {isa = PBXFileReference; fileEncoding = 4; lastKnownFileType = sourcecode.c.objc; path = CAClassHelper.m; sourceTree = "<group>"; };
		AEAEE8721C79EE620039B59B /* CADataHelper.h */ = {isa = PBXFileReference; fileEncoding = 4; lastKnownFileType = sourcecode.c.h; path = CADataHelper.h; sourceTree = "<group>"; };
		AEAEE8731C79EE620039B59B /* CADataHelper.m */ = {isa = PBXFileReference; fileEncoding = 4; lastKnownFileType = sourcecode.c.objc; path = CADataHelper.m; sourceTree = "<group>"; };
		AEB960B01A36ACAA00A363E8 /* libjsonbroker.library.ios.a */ = {isa = PBXFileReference; lastKnownFileType = archive.ar; name = libjsonbroker.library.ios.a; path = "../jsonbroker/build/Debug-iphoneos/libjsonbroker.library.ios.a"; sourceTree = "<group>"; };
		AEB961341A36C4B200A363E8 /* libsqlite3.dylib */ = {isa = PBXFileReference; lastKnownFileType = "compiled.mach-o.dylib"; name = libsqlite3.dylib; path = usr/lib/libsqlite3.dylib; sourceTree = SDKROOT; };
		AEB961811A36C60600A363E8 /* libjsonbroker.library.osx.a */ = {isa = PBXFileReference; lastKnownFileType = archive.ar; name = libjsonbroker.library.osx.a; path = ../jsonbroker/build/Debug/libjsonbroker.library.osx.a; sourceTree = "<group>"; };
		AEB961831A36C60E00A363E8 /* libsqlite3.dylib */ = {isa = PBXFileReference; lastKnownFileType = "compiled.mach-o.dylib"; name = libsqlite3.dylib; path = Platforms/MacOSX.platform/Developer/SDKs/MacOSX10.9.sdk/usr/lib/libsqlite3.dylib; sourceTree = DEVELOPER_DIR; };
		AEB961851A36C61D00A363E8 /* SenTestingKit.framework */ = {isa = PBXFileReference; lastKnownFileType = wrapper.framework; name = SenTestingKit.framework; path = Library/Frameworks/SenTestingKit.framework; sourceTree = DEVELOPER_DIR; };
		AEEA167C1BF825D700AF3281 /* NTNodeStreamListener.h */ = {isa = PBXFileReference; fileEncoding = 4; lastKnownFileType = sourcecode.c.h; path = NTNodeStreamListener.h; sourceTree = "<group>"; };
		AEEA167D1BF825D700AF3281 /* NTNodeStreamListener.m */ = {isa = PBXFileReference; fileEncoding = 4; lastKnownFileType = sourcecode.c.objc; path = NTNodeStreamListener.m; sourceTree = "<group>"; };
		AEEA16821BF826C500AF3281 /* NTNodeTreeReader.h */ = {isa = PBXFileReference; fileEncoding = 4; lastKnownFileType = sourcecode.c.h; path = NTNodeTreeReader.h; sourceTree = "<group>"; };
		AEEA16831BF826C500AF3281 /* NTNodeTreeReader.m */ = {isa = PBXFileReference; fileEncoding = 4; lastKnownFileType = sourcecode.c.objc; path = NTNodeTreeReader.m; sourceTree = "<group>"; };
		AEEA16851BF827D400AF3281 /* NTNodeTreeReaderDelegate.h */ = {isa = PBXFileReference; fileEncoding = 4; lastKnownFileType = sourcecode.c.h; path = NTNodeTreeReaderDelegate.h; sourceTree = "<group>"; };
		AEEA16861BF827D400AF3281 /* NTNodeTreeReaderDelegate.m */ = {isa = PBXFileReference; fileEncoding = 4; lastKnownFileType = sourcecode.c.objc; path = NTNodeTreeReaderDelegate.m; sourceTree = "<group>"; };
		AEEA16881BF8286900AF3281 /* NTNodePropertyDelegate.h */ = {isa = PBXFileReference; fileEncoding = 4; lastKnownFileType = sourcecode.c.h; path = NTNodePropertyDelegate.h; sourceTree = "<group>"; };
		AEEA16891BF8286900AF3281 /* NTNodePropertyDelegate.m */ = {isa = PBXFileReference; fileEncoding = 4; lastKnownFileType = sourcecode.c.objc; path = NTNodePropertyDelegate.m; sourceTree = "<group>"; };
		AEEA168B1BF8434300AF3281 /* NTNodeTreeReaderIntegrationTest.m */ = {isa = PBXFileReference; fileEncoding = 4; lastKnownFileType = sourcecode.c.objc; path = NTNodeTreeReaderIntegrationTest.m; sourceTree = "<group>"; };
		AEEA168D1BF8436C00AF3281 /* NTNodeTreeReaderIntegrationTest.json */ = {isa = PBXFileReference; fileEncoding = 4; lastKnownFileType = text.json; path = NTNodeTreeReaderIntegrationTest.json; sourceTree = "<group>"; };
		AEF03A881BAD24D500923748 /* FoundationAnnex.framework */ = {isa = PBXFileReference; lastKnownFileType = wrapper.framework; name = FoundationAnnex.framework; path = ../submodules/FoundationAnnex/build/Debug/FoundationAnnex.framework; sourceTree = "<group>"; };
		AEF03A8A1BAD254200923748 /* FoundationAnnex.framework */ = {isa = PBXFileReference; lastKnownFileType = wrapper.framework; name = FoundationAnnex.framework; path = ../submodules/FoundationAnnex/build/Debug/FoundationAnnex.framework; sourceTree = "<group>"; };
		AEF03AC01BAD302200923748 /* NTNodeIterator.h */ = {isa = PBXFileReference; fileEncoding = 4; lastKnownFileType = sourcecode.c.h; path = NTNodeIterator.h; sourceTree = "<group>"; };
		AEF03AC11BAD302200923748 /* NTNodeIterator.m */ = {isa = PBXFileReference; fileEncoding = 4; lastKnownFileType = sourcecode.c.objc; path = NTNodeIterator.m; sourceTree = "<group>"; };
		AEF03ACB1BAD597900923748 /* NTNodePropertyIterator.h */ = {isa = PBXFileReference; fileEncoding = 4; lastKnownFileType = sourcecode.c.h; path = NTNodePropertyIterator.h; sourceTree = "<group>"; };
		AEF03ACC1BAD597900923748 /* NTNodePropertyIterator.m */ = {isa = PBXFileReference; fileEncoding = 4; lastKnownFileType = sourcecode.c.objc; path = NTNodePropertyIterator.m; sourceTree = "<group>"; };
		AEF03ACE1BAD59E400923748 /* NTNodeProperty.h */ = {isa = PBXFileReference; fileEncoding = 4; lastKnownFileType = sourcecode.c.h; path = NTNodeProperty.h; sourceTree = "<group>"; };
		AEF03ACF1BAD59E400923748 /* NTNodeProperty.m */ = {isa = PBXFileReference; fileEncoding = 4; lastKnownFileType = sourcecode.c.objc; path = NTNodeProperty.m; sourceTree = "<group>"; };
/* End PBXFileReference section */

/* Begin PBXFrameworksBuildPhase section */
		AE2AE5631BA3BC8F003C35F8 /* Frameworks */ = {
			isa = PBXFrameworksBuildPhase;
			buildActionMask = 2147483647;
			files = (
				AE2AE59A1BA3BD63003C35F8 /* libsqlite3.dylib in Frameworks */,
				AE2AE58D1BA3BCD1003C35F8 /* libjsonbroker.library.ios.a in Frameworks */,
			);
			runOnlyForDeploymentPostprocessing = 0;
		};
		AE2AE57B1BA3BC8F003C35F8 /* Frameworks */ = {
			isa = PBXFrameworksBuildPhase;
			buildActionMask = 2147483647;
			files = (
			);
			runOnlyForDeploymentPostprocessing = 0;
		};
/* End PBXFrameworksBuildPhase section */

/* Begin PBXGroup section */
		AE2AE5671BA3BC8F003C35F8 /* NodeTree */ = {
			isa = PBXGroup;
			children = (
				AE2AE56C1BA3BC8F003C35F8 /* AppDelegate.h */,
				AE2AE56D1BA3BC8F003C35F8 /* AppDelegate.m */,
				AE2AE56F1BA3BC8F003C35F8 /* ViewController.h */,
				AE2AE5701BA3BC8F003C35F8 /* ViewController.m */,
				AE2AE5721BA3BC8F003C35F8 /* Main.storyboard */,
				AE2AE5751BA3BC8F003C35F8 /* Images.xcassets */,
				AE2AE5771BA3BC8F003C35F8 /* LaunchScreen.xib */,
				AE2AE5681BA3BC8F003C35F8 /* Supporting Files */,
			);
			path = NodeTree;
			sourceTree = "<group>";
		};
		AE2AE5681BA3BC8F003C35F8 /* Supporting Files */ = {
			isa = PBXGroup;
			children = (
				AE2AE5691BA3BC8F003C35F8 /* Info.plist */,
				AE2AE56A1BA3BC8F003C35F8 /* main.m */,
			);
			name = "Supporting Files";
			sourceTree = "<group>";
		};
		AE2AE5811BA3BC8F003C35F8 /* NodeTreeTests */ = {
			isa = PBXGroup;
			children = (
				AE2AE5841BA3BC8F003C35F8 /* NodeTreeTests.m */,
				AE2AE5821BA3BC8F003C35F8 /* Supporting Files */,
			);
			path = NodeTreeTests;
			sourceTree = "<group>";
		};
		AE2AE5821BA3BC8F003C35F8 /* Supporting Files */ = {
			isa = PBXGroup;
			children = (
				AE2AE5831BA3BC8F003C35F8 /* Info.plist */,
			);
			name = "Supporting Files";
			sourceTree = "<group>";
		};
		AE2AE5AE1BA3CE49003C35F8 /* module.NodeTree */ = {
			isa = PBXGroup;
			children = (
				AE2AE5AF1BA3CE49003C35F8 /* auxiliary */,
				AE2AE5B21BA3CE49003C35F8 /* NTNode.h */,
				AE2AE5B31BA3CE49003C35F8 /* NTNode.m */,
				AE2AE5B41BA3CE49003C35F8 /* NTNodeContext.h */,
				AE2AE5B51BA3CE49003C35F8 /* NTNodeContext.m */,
				AEF03ACB1BAD597900923748 /* NTNodePropertyIterator.h */,
				AEF03ACC1BAD597900923748 /* NTNodePropertyIterator.m */,
				AEF03ACE1BAD59E400923748 /* NTNodeProperty.h */,
				AEF03ACF1BAD59E400923748 /* NTNodeProperty.m */,
				AE2AE5B61BA3CE49003C35F8 /* NTNodeTree.h */,
				AE2AE5B71BA3CE49003C35F8 /* NTNodeTree.m */,
				AEF03AC01BAD302200923748 /* NTNodeIterator.h */,
				AEF03AC11BAD302200923748 /* NTNodeIterator.m */,
				AEEA16821BF826C500AF3281 /* NTNodeTreeReader.h */,
				AEEA16831BF826C500AF3281 /* NTNodeTreeReader.m */,
				AEEA168D1BF8436C00AF3281 /* NTNodeTreeReaderIntegrationTest.json */,
				AEEA168B1BF8434300AF3281 /* NTNodeTreeReaderIntegrationTest.m */,
				AEEA16851BF827D400AF3281 /* NTNodeTreeReaderDelegate.h */,
				AEEA16861BF827D400AF3281 /* NTNodeTreeReaderDelegate.m */,
				AEEA167C1BF825D700AF3281 /* NTNodeStreamListener.h */,
				AEEA167D1BF825D700AF3281 /* NTNodeStreamListener.m */,
				AEEA16881BF8286900AF3281 /* NTNodePropertyDelegate.h */,
				AEEA16891BF8286900AF3281 /* NTNodePropertyDelegate.m */,
				AEAEE8551C79E6340039B59B /* NTNodeTreeSchema.h */,
				AEAEE8561C79E6340039B59B /* NTNodeTreeSchema.m */,
				AE2AE6271BA3D378003C35F8 /* json */,
				AE2AE5CA1BA3CE49003C35F8 /* test */,
			);
			path = module.NodeTree;
			sourceTree = "<group>";
		};
		AE2AE5AF1BA3CE49003C35F8 /* auxiliary */ = {
			isa = PBXGroup;
			children = (
				AE2AE5B01BA3CE49003C35F8 /* NTIntegerEncoder.h */,
				AE2AE5B11BA3CE49003C35F8 /* NTIntegerEncoder.m */,
			);
			path = auxiliary;
			sourceTree = "<group>";
		};
		AE2AE5CA1BA3CE49003C35F8 /* test */ = {
			isa = PBXGroup;
			children = (
				AE2AE5CB1BA3CE49003C35F8 /* NTBooleanIntegrationTest.m */,
				AE2AE5CC1BA3CE49003C35F8 /* NTDoubleIntegrationTest.m */,
				AE2AE5CD1BA3CE49003C35F8 /* NTIntegerIntegrationTest.m */,
				AE2AE5CE1BA3CE49003C35F8 /* NTNodeIntegrationTest.m */,
				AE2AE5CF1BA3CE49003C35F8 /* NTNullIntegrationTest.m */,
				AE2AE5D01BA3CE49003C35F8 /* NTStringIntegrationTest.m */,
				AE2AE5D11BA3CE49003C35F8 /* NTTestContext.h */,
				AE2AE5D21BA3CE49003C35F8 /* NTTestContext.m */,
			);
			path = test;
			sourceTree = "<group>";
		};
		AE2AE6271BA3D378003C35F8 /* json */ = {
			isa = PBXGroup;
			children = (
				AE2AE6281BA3D3A2003C35F8 /* NTJSONWriter.h */,
				AE2AE6291BA3D3A2003C35F8 /* NTJSONWriter.m */,
				AE2AE6321BA3DA1F003C35F8 /* NTJSONWriterIntegrationTest.m */,
				AE2AE6341BA3DC1C003C35F8 /* NTJSONWriterIntegrationTest.testWriteVLCPlayingStatus.json */,
				AEA062121C8177B10059DE2D /* NTJSONReader.h */,
				AEA062131C8177B10059DE2D /* NTJSONReader.m */,
				AEA062141C8177B10059DE2D /* NTJSONReaderIntegrationTest.buildRoot.json */,
				AEA062151C8177B10059DE2D /* NTJSONReaderIntegrationTest.m */,
			);
			path = json;
			sourceTree = "<group>";
		};
		AEA060751C815DC20059DE2D /* cocoa.lib.HttpLibrary */ = {
			isa = PBXGroup;
			children = (
				AEA060781C815DC20059DE2D /* Projects */,
			);
			path = cocoa.lib.HttpLibrary;
			sourceTree = "<group>";
		};
		AEA060781C815DC20059DE2D /* Projects */ = {
			isa = PBXGroup;
			children = (
				AEA0615A1C8160120059DE2D /* cocoa.lib.HttpLibrary */,
			);
			path = Projects;
			sourceTree = "<group>";
		};
		AEA0615A1C8160120059DE2D /* cocoa.lib.HttpLibrary */ = {
			isa = PBXGroup;
			children = (
				AEA061D51C816C8E0059DE2D /* headers */,
				AEA061B91C81623E0059DE2D /* HLDataEntity.h */,
				AEA061BA1C81623E0059DE2D /* HLDataEntity.m */,
				AEA061B51C8160870059DE2D /* HLEntity.h */,
				AEA061B61C8160ED0059DE2D /* HLEntityHelper.h */,
				AEA061B71C8160ED0059DE2D /* HLEntityHelper.m */,
				AEA061BC1C8163410059DE2D /* HLHttpStatus.h */,
				AEA061BD1C8163410059DE2D /* HLHttpStatus.m */,
				AEA061BF1C8163840059DE2D /* HLHttpStatus_ErrorDomain.h */,
				AEA061C01C8163840059DE2D /* HLHttpStatus_ErrorDomain.m */,
				AEA061C51C8167F50059DE2D /* HLStreamEntity.h */,
				AEA061C61C8167F50059DE2D /* HLStreamEntity.m */,
				AEA0615B1C8160120059DE2D /* module */,
			);
			path = cocoa.lib.HttpLibrary;
			sourceTree = "<group>";
		};
		AEA0615B1C8160120059DE2D /* module */ = {
			isa = PBXGroup;
			children = (
				AEA0615C1C8160120059DE2D /* file */,
			);
			path = module;
			sourceTree = "<group>";
		};
		AEA0615C1C8160120059DE2D /* file */ = {
			isa = PBXGroup;
			children = (
				AEA0615D1C8160120059DE2D /* auxiliary */,
				AEA061871C8160120059DE2D /* get */,
				AEA061931C8160120059DE2D /* post */,
			);
			path = file;
			sourceTree = "<group>";
		};
		AEA0615D1C8160120059DE2D /* auxiliary */ = {
			isa = PBXGroup;
			children = (
				AEA0615E1C8160120059DE2D /* FileTransactionDelegate.h */,
				AEA0615F1C8160120059DE2D /* RGFile.h */,
				AEA061601C8160120059DE2D /* RGFile.m */,
				AEA061611C8160120059DE2D /* RGFilePathUtilities.h */,
				AEA061621C8160120059DE2D /* RGFilePathUtilities.m */,
				AEA061631C8160120059DE2D /* RGFileService.h */,
				AEA061641C8160120059DE2D /* RGFileService.m */,
				AEA061651C8160120059DE2D /* RGFileServiceConstants.h */,
				AEA061661C8160120059DE2D /* RGFileServiceConstants.m */,
				AEA061671C8160120059DE2D /* RGFileServiceErrorCodes.h */,
				AEA061681C8160120059DE2D /* RGFileServiceErrorCodes.m */,
				AEA061691C8160120059DE2D /* RGFileSorters.h */,
				AEA0616A1C8160120059DE2D /* RGFileSorters.m */,
				AEA0616B1C8160120059DE2D /* RGFileTransaction.h */,
				AEA0616C1C8160120059DE2D /* RGFileTransaction.m */,
				AEA0616D1C8160120059DE2D /* RGFileTransactionManager.h */,
				AEA0616E1C8160120059DE2D /* RGFileTransactionManager.m */,
				AEA0616F1C8160120059DE2D /* RGPullFile.h */,
				AEA061701C8160120059DE2D /* RGPullFile.m */,
				AEA061711C8160120059DE2D /* RGPushFile.h */,
				AEA061721C8160120059DE2D /* RGPushFile.m */,
				AEA061731C8160120059DE2D /* RGUriUtilities.h */,
				AEA061741C8160120059DE2D /* RGUriUtilities.m */,
				AEA061751C8160120059DE2D /* VACommonObjects.h */,
				AEA061761C8160120059DE2D /* VACommonObjects.m */,
				AEA061771C8160120059DE2D /* VPFileMediaHandle.h */,
				AEA061781C8160120059DE2D /* VPFileMediaHandle.m */,
				AEA061791C8160120059DE2D /* VPLocalStorage.h */,
				AEA0617A1C8160120059DE2D /* VPLocalStorage.m */,
				AEA0617B1C8160120059DE2D /* VPMediaHandle.h */,
				AEA0617C1C8160120059DE2D /* VPMediaHandleSet.h */,
				AEA0617D1C8160120059DE2D /* VPMediaHandleSet.m */,
				AEA0617E1C8160120059DE2D /* VPStorageSelectConductorHelper.h */,
				AEA0617F1C8160120059DE2D /* VPStorageSelectConductorHelper.m */,
				AEA061801C8160120059DE2D /* XPHostnameUtilities.h */,
				AEA061811C8160120059DE2D /* XPHostnameUtilities.m */,
				AEA061821C8160120059DE2D /* XPStorageManager.h */,
				AEA061831C8160120059DE2D /* XPStorageManagerHelper.h */,
				AEA061841C8160120059DE2D /* XPStorageManagerHelper.m */,
				AEA061851C8160120059DE2D /* XPStorageMetaData.h */,
				AEA061861C8160120059DE2D /* XPStorageMetaData.m */,
			);
			path = auxiliary;
			sourceTree = "<group>";
		};
		AEA061871C8160120059DE2D /* get */ = {
			isa = PBXGroup;
			children = (
				AEA061881C8160120059DE2D /* job */,
				AEA0618B1C8160120059DE2D /* XPGetFileProxy.h */,
				AEA0618C1C8160120059DE2D /* XPGetFileProxy.m */,
				AEA0618D1C8160120059DE2D /* XPGetFileRequestHandler.h */,
				AEA0618E1C8160120059DE2D /* XPGetFileRequestHandler.m */,
				AEA0618F1C8160120059DE2D /* XPGetFileService.h */,
				AEA061901C8160120059DE2D /* XPGetFileService.m */,
				AEA061911C8160120059DE2D /* XPRemoteFileReference.h */,
				AEA061921C8160120059DE2D /* XPRemoteFileReference.m */,
			);
			path = get;
			sourceTree = "<group>";
		};
		AEA061881C8160120059DE2D /* job */ = {
			isa = PBXGroup;
			children = (
				AEA061891C8160120059DE2D /* XPGetFilesForDownloadJob.h */,
				AEA0618A1C8160120059DE2D /* XPGetFilesForDownloadJob.m */,
			);
			path = job;
			sourceTree = "<group>";
		};
		AEA061931C8160120059DE2D /* post */ = {
			isa = PBXGroup;
			children = (
				AEA061941C8160120059DE2D /* XPBlueImpPostFileRequestHandler.h */,
				AEA061951C8160120059DE2D /* XPBlueImpPostFileRequestHandler.m */,
				AEA061961C8160120059DE2D /* XPPostFileMultiPartHandler.h */,
				AEA061971C8160120059DE2D /* XPPostFileMultiPartHandler.m */,
				AEA061981C8160120059DE2D /* XPPostFilePartHandler.h */,
				AEA061991C8160120059DE2D /* XPPostFilePartHandler.m */,
			);
			path = post;
			sourceTree = "<group>";
		};
		AEA061C81C8168900059DE2D /* error */ = {
			isa = PBXGroup;
			children = (
				AEA061CC1C8168D30059DE2D /* CABaseException.h */,
				AEA061CD1C8168D30059DE2D /* CABaseException.m */,
			);
			path = error;
			sourceTree = "<group>";
		};
		AEA061D51C816C8E0059DE2D /* headers */ = {
			isa = PBXGroup;
			children = (
				AEA061D61C816C8E0059DE2D /* HLAuthenticationHeaderScanner.h */,
				AEA061D71C816C8E0059DE2D /* HLAuthenticationHeaderScanner.m */,
				AEA061D91C816C8E0059DE2D /* HLAuthenticationHeaderScannerUnitTest.m */,
				AEA061DA1C816C8E0059DE2D /* HLHttpHeader.h */,
				AEA061DB1C816C8E0059DE2D /* HLMediaType.h */,
				AEA061DC1C816C8E0059DE2D /* HLMediaType.m */,
				AEA061DD1C816C8E0059DE2D /* HLMediaTypeUnitTest.h */,
				AEA061DE1C816C8E0059DE2D /* HLMediaTypeUnitTest.m */,
				AEA061DF1C816C8E0059DE2D /* HLParametersScanner.h */,
				AEA061E01C816C8E0059DE2D /* HLParametersScanner.m */,
				AEA061E11C816C8E0059DE2D /* request */,
				AEA061EA1C816C8E0059DE2D /* response */,
			);
			path = headers;
			sourceTree = "<group>";
		};
		AEA061E11C816C8E0059DE2D /* request */ = {
			isa = PBXGroup;
			children = (
				AEA061E21C816C8E0059DE2D /* HLAuthorization.h */,
				AEA061E31C816C8E0059DE2D /* HLAuthorization.m */,
				AEA061E51C816C8E0059DE2D /* HLAuthorizationUnitTest.m */,
				AEA061E61C816C8E0059DE2D /* HLRange.h */,
				AEA061E71C816C8E0059DE2D /* HLRange.m */,
				AEA061E91C816C8E0059DE2D /* HLRangeUnitTest.m */,
			);
			path = request;
			sourceTree = "<group>";
		};
		AEA061EA1C816C8E0059DE2D /* response */ = {
			isa = PBXGroup;
			children = (
				AEA061EB1C816C8E0059DE2D /* HLAuthenticationInfo.h */,
				AEA061EC1C816C8E0059DE2D /* HLAuthenticationInfo.m */,
				AEA061EE1C816C8E0059DE2D /* HLAuthenticationInfoUnitTest.m */,
				AEA061EF1C816C8E0059DE2D /* HLWwwAuthenticate.h */,
				AEA061F01C816C8E0059DE2D /* HLWwwAuthenticate.m */,
				AEA061F21C816C8E0059DE2D /* HLWwwAuthenticateUnitTest.m */,
			);
			path = response;
			sourceTree = "<group>";
		};
		AEA062071C8173040059DE2D /* security */ = {
			isa = PBXGroup;
			children = (
				AEA062081C8173040059DE2D /* CASecurityUtilities.h */,
				AEA062091C8173040059DE2D /* CASecurityUtilities.m */,
			);
			path = security;
			sourceTree = "<group>";
		};
		AEA0621B1C817BF10059DE2D /* ios.lib.CocoaTouchAnnex */ = {
			isa = PBXGroup;
			children = (
				AEA0621E1C817BF10059DE2D /* Project */,
			);
			path = ios.lib.CocoaTouchAnnex;
			sourceTree = "<group>";
		};
		AEA0621E1C817BF10059DE2D /* Project */ = {
			isa = PBXGroup;
			children = (
				AEA0621F1C817BF10059DE2D /* CocoaTouchAnnex */,
			);
			path = Project;
			sourceTree = "<group>";
		};
		AEA0621F1C817BF10059DE2D /* CocoaTouchAnnex */ = {
			isa = PBXGroup;
			children = (
				AEA062201C817BF10059DE2D /* ErrorBuilder.h */,
				AEA062211C817BF10059DE2D /* ErrorBuilder.swift */,
				AEA062221C817BF10059DE2D /* ErrorHandler.swift */,
				AEA062231C817BF10059DE2D /* ErrorHelper.swift */,
				AEA062241C817BF10059DE2D /* FoundationAnnex.h */,
				AEA062251C817BF10059DE2D /* Info.plist */,
				AEA062261C817BF10059DE2D /* InputStreamHelper.swift */,
				AEA062271C817BF10059DE2D /* log */,
				AEA0622A1C817BF10059DE2D /* NumericUtilities.swift */,
				AEA0622B1C817BF10059DE2D /* OutputStreamHelper.swift */,
				AEA0622C1C817BF10059DE2D /* StreamHelper.swift */,
			);
			path = CocoaTouchAnnex;
			sourceTree = "<group>";
		};
		AEA062271C817BF10059DE2D /* log */ = {
			isa = PBXGroup;
			children = (
				AEA062281C817BF10059DE2D /* FALog.h */,
				AEA062291C817BF10059DE2D /* FALog.m */,
			);
			path = log;
			sourceTree = "<group>";
		};
		AEAEE8261C79DF6C0039B59B /* cocoa.lib.CocoaAnnex */ = {
			isa = PBXGroup;
			children = (
				AEAEE8291C79DF6C0039B59B /* Projects */,
			);
			path = cocoa.lib.CocoaAnnex;
			sourceTree = "<group>";
		};
		AEAEE8291C79DF6C0039B59B /* Projects */ = {
			isa = PBXGroup;
			children = (
				AEAEE82A1C79DF6C0039B59B /* cocoa.lib.CocoaAnnex */,
			);
			path = Projects;
			sourceTree = "<group>";
		};
		AEAEE82A1C79DF6C0039B59B /* cocoa.lib.CocoaAnnex */ = {
			isa = PBXGroup;
			children = (
				AEA061C81C8168900059DE2D /* error */,
				AEAEE86F1C79ED840039B59B /* auxiliary */,
				AEAEE82B1C79DF6C0039B59B /* log */,
				AEA062071C8173040059DE2D /* security */,
				AEAEE8581C79E6C10039B59B /* sqlite */,
			);
			path = cocoa.lib.CocoaAnnex;
			sourceTree = "<group>";
		};
		AEAEE82B1C79DF6C0039B59B /* log */ = {
			isa = PBXGroup;
			children = (
				AEAEE82C1C79DF6C0039B59B /* CALog.h */,
				AEAEE82D1C79DF6C0039B59B /* CALog.m */,
			);
			path = log;
			sourceTree = "<group>";
		};
		AEAEE8581C79E6C10039B59B /* sqlite */ = {
			isa = PBXGroup;
			children = (
				AEAEE8591C79E6C10039B59B /* CASqliteConnection.h */,
				AEAEE85A1C79E6C10039B59B /* CASqliteConnection.m */,
				AEAEE85B1C79E6C10039B59B /* CASqliteStatement.h */,
				AEAEE85C1C79E6C10039B59B /* CASqliteStatement.m */,
				AEAEE85D1C79E6C10039B59B /* CASqliteUtilities.h */,
				AEAEE85E1C79E6C10039B59B /* CASqliteUtilities.m */,
				AEAEE85F1C79E6C10039B59B /* schema */,
			);
			path = sqlite;
			sourceTree = "<group>";
		};
		AEAEE85F1C79E6C10039B59B /* schema */ = {
			isa = PBXGroup;
			children = (
				AEAEE8601C79E6C10039B59B /* CAColumnDescriptor.h */,
				AEAEE8611C79E6C10039B59B /* CAColumnDescriptor.m */,
				AEAEE8621C79E6C10039B59B /* CASchemaManager.h */,
				AEAEE8631C79E6C10039B59B /* CASchemaManager.m */,
				AEAEE8641C79E6C10039B59B /* CATableDescriptor.h */,
				AEAEE8651C79E6C10039B59B /* CATableDescriptor.m */,
				AEAEE8661C79E6C10039B59B /* CATableProperty.h */,
				AEAEE8671C79E6C10039B59B /* CATableProperty.m */,
			);
			path = schema;
			sourceTree = "<group>";
		};
		AEAEE86F1C79ED840039B59B /* auxiliary */ = {
			isa = PBXGroup;
			children = (
				AEAEE8701C79EE620039B59B /* CAClassHelper.h */,
				AEAEE8711C79EE620039B59B /* CAClassHelper.m */,
				AEAEE8721C79EE620039B59B /* CADataHelper.h */,
				AEAEE8731C79EE620039B59B /* CADataHelper.m */,
				AEA061C21C8165B50059DE2D /* CAInputStreamHelper.h */,
				AEA061C31C8165B50059DE2D /* CAInputStreamHelper.m */,
				AEA062041C8170CF0059DE2D /* CANumericUtilities.h */,
				AEA062051C8170CF0059DE2D /* CANumericUtilities.m */,
				AEA061D21C816B8B0059DE2D /* CAOutputStreamHelper.h */,
				AEA061D31C816B8B0059DE2D /* CAOutputStreamHelper.m */,
				AEA0620E1C81745B0059DE2D /* CARandomUtilities.h */,
				AEA0620F1C81745B0059DE2D /* CARandomUtilities.m */,
				AEA061CF1C816B070059DE2D /* CAStreamHelper.h */,
				AEA061D01C816B070059DE2D /* CAStreamHelper.m */,
				AEA0620B1C8173780059DE2D /* CAStringHelper.h */,
				AEA0620C1C8173780059DE2D /* CAStringHelper.m */,
			);
			path = auxiliary;
			sourceTree = "<group>";
		};
		AEB960331A36ABAD00A363E8 = {
			isa = PBXGroup;
			children = (
				AE2AE5AE1BA3CE49003C35F8 /* module.NodeTree */,
				AE2AE5671BA3BC8F003C35F8 /* NodeTree */,
				AE2AE5811BA3BC8F003C35F8 /* NodeTreeTests */,
				AEB9608F1A36ABF500A363E8 /* Frameworks */,
				AEB9603D1A36ABAD00A363E8 /* Products */,
				AEF9620B1BC8A77C007797FF /* Submodules */,
			);
			sourceTree = "<group>";
		};
		AEB9603D1A36ABAD00A363E8 /* Products */ = {
			isa = PBXGroup;
			children = (
				AE2AE5661BA3BC8F003C35F8 /* NodeTree.app */,
				AE2AE57E1BA3BC8F003C35F8 /* NodeTreeTests.xctest */,
			);
			name = Products;
			sourceTree = "<group>";
		};
		AEB9608F1A36ABF500A363E8 /* Frameworks */ = {
			isa = PBXGroup;
			children = (
				AEF03A8A1BAD254200923748 /* FoundationAnnex.framework */,
				AEF03A881BAD24D500923748 /* FoundationAnnex.framework */,
				AE2AE58C1BA3BCD1003C35F8 /* libjsonbroker.library.ios.a */,
				AEB961851A36C61D00A363E8 /* SenTestingKit.framework */,
				AEB961831A36C60E00A363E8 /* libsqlite3.dylib */,
				AEB961811A36C60600A363E8 /* libjsonbroker.library.osx.a */,
				AEB961341A36C4B200A363E8 /* libsqlite3.dylib */,
				AEB960B01A36ACAA00A363E8 /* libjsonbroker.library.ios.a */,
			);
			name = Frameworks;
			sourceTree = "<group>";
		};
		AEF9620B1BC8A77C007797FF /* Submodules */ = {
			isa = PBXGroup;
			children = (
				AEA060751C815DC20059DE2D /* cocoa.lib.HttpLibrary */,
				AEAEE8261C79DF6C0039B59B /* cocoa.lib.CocoaAnnex */,
				AEA0621B1C817BF10059DE2D /* ios.lib.CocoaTouchAnnex */,
			);
			name = Submodules;
			path = ../Submodules;
			sourceTree = "<group>";
		};
/* End PBXGroup section */

/* Begin PBXNativeTarget section */
		AE2AE5651BA3BC8F003C35F8 /* NodeTree */ = {
			isa = PBXNativeTarget;
			buildConfigurationList = AE2AE58A1BA3BC8F003C35F8 /* Build configuration list for PBXNativeTarget "NodeTree" */;
			buildPhases = (
				AE2AE5621BA3BC8F003C35F8 /* Sources */,
				AE2AE5631BA3BC8F003C35F8 /* Frameworks */,
				AE2AE5641BA3BC8F003C35F8 /* Resources */,
			);
			buildRules = (
			);
			dependencies = (
			);
			name = NodeTree;
			productName = NodeTree;
			productReference = AE2AE5661BA3BC8F003C35F8 /* NodeTree.app */;
			productType = "com.apple.product-type.application";
		};
		AE2AE57D1BA3BC8F003C35F8 /* NodeTreeTests */ = {
			isa = PBXNativeTarget;
			buildConfigurationList = AE2AE58B1BA3BC8F003C35F8 /* Build configuration list for PBXNativeTarget "NodeTreeTests" */;
			buildPhases = (
				AE2AE57A1BA3BC8F003C35F8 /* Sources */,
				AE2AE57B1BA3BC8F003C35F8 /* Frameworks */,
				AE2AE57C1BA3BC8F003C35F8 /* Resources */,
			);
			buildRules = (
			);
			dependencies = (
				AE2AE5801BA3BC8F003C35F8 /* PBXTargetDependency */,
			);
			name = NodeTreeTests;
			productName = NodeTreeTests;
			productReference = AE2AE57E1BA3BC8F003C35F8 /* NodeTreeTests.xctest */;
			productType = "com.apple.product-type.bundle.unit-test";
		};
/* End PBXNativeTarget section */

/* Begin PBXProject section */
		AEB960341A36ABAD00A363E8 /* Project object */ = {
			isa = PBXProject;
			attributes = {
				LastSwiftMigration = 0710;
				LastSwiftUpdateCheck = 0710;
				LastUpgradeCheck = 0710;
				ORGANIZATIONNAME = com.hexbeerium;
				TargetAttributes = {
					AE2AE5651BA3BC8F003C35F8 = {
						CreatedOnToolsVersion = 6.4;
					};
					AE2AE57D1BA3BC8F003C35F8 = {
						CreatedOnToolsVersion = 6.4;
						TestTargetID = AE2AE5651BA3BC8F003C35F8;
					};
				};
			};
			buildConfigurationList = AEB960371A36ABAD00A363E8 /* Build configuration list for PBXProject "NodeTree" */;
			compatibilityVersion = "Xcode 3.2";
			developmentRegion = English;
			hasScannedForEncodings = 0;
			knownRegions = (
				en,
				Base,
			);
			mainGroup = AEB960331A36ABAD00A363E8;
			productRefGroup = AEB9603D1A36ABAD00A363E8 /* Products */;
			projectDirPath = "";
			projectRoot = "";
			targets = (
				AE2AE5651BA3BC8F003C35F8 /* NodeTree */,
				AE2AE57D1BA3BC8F003C35F8 /* NodeTreeTests */,
			);
		};
/* End PBXProject section */

/* Begin PBXResourcesBuildPhase section */
		AE2AE5641BA3BC8F003C35F8 /* Resources */ = {
			isa = PBXResourcesBuildPhase;
			buildActionMask = 2147483647;
			files = (
				AE2AE5741BA3BC8F003C35F8 /* Main.storyboard in Resources */,
				AEEA16901BF845B900AF3281 /* NTNodeTreeReaderIntegrationTest.json in Resources */,
				AEA062171C8177B10059DE2D /* NTJSONReaderIntegrationTest.buildRoot.json in Resources */,
				AE2AE6361BA3DC97003C35F8 /* NTJSONWriterIntegrationTest.testWriteVLCPlayingStatus.json in Resources */,
				AE2AE5791BA3BC8F003C35F8 /* LaunchScreen.xib in Resources */,
				AE2AE5761BA3BC8F003C35F8 /* Images.xcassets in Resources */,
			);
			runOnlyForDeploymentPostprocessing = 0;
		};
		AE2AE57C1BA3BC8F003C35F8 /* Resources */ = {
			isa = PBXResourcesBuildPhase;
			buildActionMask = 2147483647;
			files = (
				AEA0621A1C8178310059DE2D /* NTJSONReaderIntegrationTest.buildRoot.json in Resources */,
				AE2AE6351BA3DC1C003C35F8 /* NTJSONWriterIntegrationTest.testWriteVLCPlayingStatus.json in Resources */,
				AEEA168E1BF8436C00AF3281 /* NTNodeTreeReaderIntegrationTest.json in Resources */,
			);
			runOnlyForDeploymentPostprocessing = 0;
		};
/* End PBXResourcesBuildPhase section */

/* Begin PBXSourcesBuildPhase section */
		AE2AE5621BA3BC8F003C35F8 /* Sources */ = {
			isa = PBXSourcesBuildPhase;
			buildActionMask = 2147483647;
			files = (
				AEAEE86A1C79E6C10039B59B /* CASqliteUtilities.m in Sources */,
				AEA061CE1C8168D30059DE2D /* CABaseException.m in Sources */,
				AEA0619E1C8160260059DE2D /* XPGetFileProxy.m in Sources */,
				AEAEE82F1C79DF7D0039B59B /* CALog.m in Sources */,
				AEA0620A1C8173040059DE2D /* CASecurityUtilities.m in Sources */,
				AEA061C41C8165B50059DE2D /* CAInputStreamHelper.m in Sources */,
				AE2AE62A1BA3D3A2003C35F8 /* NTJSONWriter.m in Sources */,
				AEF03AC21BAD302200923748 /* NTNodeIterator.m in Sources */,
				AEA061B01C81603D0059DE2D /* VPMediaHandleSet.m in Sources */,
				AEAEE8751C79EE620039B59B /* CADataHelper.m in Sources */,
				AEA061B81C8160ED0059DE2D /* HLEntityHelper.m in Sources */,
				AE2AE5D51BA3CE49003C35F8 /* NTNode.m in Sources */,
				AEA061A81C81603D0059DE2D /* RGFileTransaction.m in Sources */,
				AE2AE5D71BA3CE49003C35F8 /* NTNodeTree.m in Sources */,
				AEA061FE1C816C8E0059DE2D /* HLWwwAuthenticate.m in Sources */,
				AEAEE8741C79EE620039B59B /* CAClassHelper.m in Sources */,
				AEA061AC1C81603D0059DE2D /* RGUriUtilities.m in Sources */,
				AEA062101C81745B0059DE2D /* CARandomUtilities.m in Sources */,
				AE2AE5711BA3BC8F003C35F8 /* ViewController.m in Sources */,
				AEA061B11C81603D0059DE2D /* VPStorageSelectConductorHelper.m in Sources */,
				AEA061BE1C8163410059DE2D /* HLHttpStatus.m in Sources */,
				AEA061A71C81603D0059DE2D /* RGFileSorters.m in Sources */,
				AEA0620D1C8173780059DE2D /* CAStringHelper.m in Sources */,
				AEA061A21C81603D0059DE2D /* RGFile.m in Sources */,
				AEA061F51C816C8E0059DE2D /* HLMediaType.m in Sources */,
				AEA061FC1C816C8E0059DE2D /* HLAuthenticationInfo.m in Sources */,
				AEA0619C1C81601E0059DE2D /* XPPostFilePartHandler.m in Sources */,
				AEA061AB1C81603D0059DE2D /* RGPushFile.m in Sources */,
				AEEA16871BF827D400AF3281 /* NTNodeTreeReaderDelegate.m in Sources */,
				AEEA167E1BF825D700AF3281 /* NTNodeStreamListener.m in Sources */,
				AEA061AD1C81603D0059DE2D /* VACommonObjects.m in Sources */,
				AEF03ACD1BAD597900923748 /* NTNodePropertyIterator.m in Sources */,
				AEAEE86E1C79E6C10039B59B /* CATableProperty.m in Sources */,
				AEA062161C8177B10059DE2D /* NTJSONReader.m in Sources */,
				AEA061AF1C81603D0059DE2D /* VPLocalStorage.m in Sources */,
				AEA061F81C816C8E0059DE2D /* HLAuthorization.m in Sources */,
				AEA061D11C816B070059DE2D /* CAStreamHelper.m in Sources */,
				AEA061F71C816C8E0059DE2D /* HLParametersScanner.m in Sources */,
				AEA061B21C81603D0059DE2D /* XPHostnameUtilities.m in Sources */,
				AEA0619D1C8160260059DE2D /* XPGetFilesForDownloadJob.m in Sources */,
				AEAEE86C1C79E6C10039B59B /* CASchemaManager.m in Sources */,
				AEA062061C8170CF0059DE2D /* CANumericUtilities.m in Sources */,
				AE2AE56E1BA3BC8F003C35F8 /* AppDelegate.m in Sources */,
				AEA061D41C816B8B0059DE2D /* CAOutputStreamHelper.m in Sources */,
				AEA061FA1C816C8E0059DE2D /* HLRange.m in Sources */,
				AEAEE86D1C79E6C10039B59B /* CATableDescriptor.m in Sources */,
				AEF03AD01BAD59E400923748 /* NTNodeProperty.m in Sources */,
				AEEA16841BF826C500AF3281 /* NTNodeTreeReader.m in Sources */,
				AEA061A31C81603D0059DE2D /* RGFilePathUtilities.m in Sources */,
				AEA061A91C81603D0059DE2D /* RGFileTransactionManager.m in Sources */,
				AEEA168A1BF8286900AF3281 /* NTNodePropertyDelegate.m in Sources */,
				AEA061C71C8167F50059DE2D /* HLStreamEntity.m in Sources */,
				AEA0619F1C8160260059DE2D /* XPGetFileRequestHandler.m in Sources */,
				AEA061F31C816C8E0059DE2D /* HLAuthenticationHeaderScanner.m in Sources */,
				AEAEE8571C79E6340039B59B /* NTNodeTreeSchema.m in Sources */,
				AEAEE8691C79E6C10039B59B /* CASqliteStatement.m in Sources */,
				AEA061A01C8160260059DE2D /* XPGetFileService.m in Sources */,
				AE2AE5D41BA3CE49003C35F8 /* NTIntegerEncoder.m in Sources */,
				AEA061AE1C81603D0059DE2D /* VPFileMediaHandle.m in Sources */,
				AEAEE86B1C79E6C10039B59B /* CAColumnDescriptor.m in Sources */,
				AEA061B41C81603D0059DE2D /* XPStorageMetaData.m in Sources */,
				AEA061BB1C81623E0059DE2D /* HLDataEntity.m in Sources */,
				AEAEE8681C79E6C10039B59B /* CASqliteConnection.m in Sources */,
				AEA0619A1C81601E0059DE2D /* XPBlueImpPostFileRequestHandler.m in Sources */,
				AEA061C11C8163840059DE2D /* HLHttpStatus_ErrorDomain.m in Sources */,
				AEA061B31C81603D0059DE2D /* XPStorageManagerHelper.m in Sources */,
				AE2AE5D61BA3CE49003C35F8 /* NTNodeContext.m in Sources */,
				AEA061A41C81603D0059DE2D /* RGFileService.m in Sources */,
				AEA061A11C8160260059DE2D /* XPRemoteFileReference.m in Sources */,
				AEA061A51C81603D0059DE2D /* RGFileServiceConstants.m in Sources */,
				AE2AE56B1BA3BC8F003C35F8 /* main.m in Sources */,
				AEA061AA1C81603D0059DE2D /* RGPullFile.m in Sources */,
				AEA061A61C81603D0059DE2D /* RGFileServiceErrorCodes.m in Sources */,
				AEA0619B1C81601E0059DE2D /* XPPostFileMultiPartHandler.m in Sources */,
			);
			runOnlyForDeploymentPostprocessing = 0;
		};
		AE2AE57A1BA3BC8F003C35F8 /* Sources */ = {
			isa = PBXSourcesBuildPhase;
			buildActionMask = 2147483647;
			files = (
				AEA062021C816EF50059DE2D /* HLAuthenticationInfoUnitTest.m in Sources */,
				AE2AE5EC1BA3CE62003C35F8 /* NTNullIntegrationTest.m in Sources */,
				AE2AE5EB1BA3CE62003C35F8 /* NTNodeIntegrationTest.m in Sources */,
				AE2AE5EA1BA3CE62003C35F8 /* NTIntegerIntegrationTest.m in Sources */,
				AEA062111C8175A80059DE2D /* HLRangeUnitTest.m in Sources */,
				AE2AE5E81BA3CE62003C35F8 /* NTBooleanIntegrationTest.m in Sources */,
				AE2AE5E91BA3CE62003C35F8 /* NTDoubleIntegrationTest.m in Sources */,
				AEEA168C1BF8434300AF3281 /* NTNodeTreeReaderIntegrationTest.m in Sources */,
				AE2AE5ED1BA3CE62003C35F8 /* NTStringIntegrationTest.m in Sources */,
				AE2AE6331BA3DA1F003C35F8 /* NTJSONWriterIntegrationTest.m in Sources */,
				AEA062001C816EF50059DE2D /* HLAuthenticationHeaderScannerUnitTest.m in Sources */,
				AEA062191C8177EE0059DE2D /* NTJSONReaderIntegrationTest.m in Sources */,
				AEA062011C816EF50059DE2D /* HLAuthorizationUnitTest.m in Sources */,
				AE2AE5851BA3BC8F003C35F8 /* NodeTreeTests.m in Sources */,
				AEA062031C816EF50059DE2D /* HLWwwAuthenticateUnitTest.m in Sources */,
				AE2AE5EE1BA3CE62003C35F8 /* NTTestContext.m in Sources */,
			);
			runOnlyForDeploymentPostprocessing = 0;
		};
/* End PBXSourcesBuildPhase section */

/* Begin PBXTargetDependency section */
		AE2AE5801BA3BC8F003C35F8 /* PBXTargetDependency */ = {
			isa = PBXTargetDependency;
			target = AE2AE5651BA3BC8F003C35F8 /* NodeTree */;
			targetProxy = AE2AE57F1BA3BC8F003C35F8 /* PBXContainerItemProxy */;
		};
/* End PBXTargetDependency section */

/* Begin PBXVariantGroup section */
		AE2AE5721BA3BC8F003C35F8 /* Main.storyboard */ = {
			isa = PBXVariantGroup;
			children = (
				AE2AE5731BA3BC8F003C35F8 /* Base */,
			);
			name = Main.storyboard;
			sourceTree = "<group>";
		};
		AE2AE5771BA3BC8F003C35F8 /* LaunchScreen.xib */ = {
			isa = PBXVariantGroup;
			children = (
				AE2AE5781BA3BC8F003C35F8 /* Base */,
			);
			name = LaunchScreen.xib;
			sourceTree = "<group>";
		};
/* End PBXVariantGroup section */

/* Begin XCBuildConfiguration section */
		AE2AE5861BA3BC8F003C35F8 /* Debug */ = {
			isa = XCBuildConfiguration;
			buildSettings = {
				ASSETCATALOG_COMPILER_APPICON_NAME = AppIcon;
				DEBUG_INFORMATION_FORMAT = "dwarf-with-dsym";
				FRAMEWORK_SEARCH_PATHS = "$(inherited)";
				GCC_NO_COMMON_BLOCKS = YES;
				GCC_PREPROCESSOR_DEFINITIONS = (
					"DEBUG=1",
					"$(inherited)",
				);
				INFOPLIST_FILE = NodeTree/Info.plist;
				IPHONEOS_DEPLOYMENT_TARGET = 8.4;
				LD_RUNPATH_SEARCH_PATHS = "$(inherited) @executable_path/Frameworks";
				LIBRARY_SEARCH_PATHS = "$(inherited)";
				PRODUCT_BUNDLE_IDENTIFIER = "com.ardlong.$(PRODUCT_NAME:rfc1034identifier)";
				PRODUCT_NAME = "$(TARGET_NAME)";
			};
			name = Debug;
		};
		AE2AE5871BA3BC8F003C35F8 /* Release */ = {
			isa = XCBuildConfiguration;
			buildSettings = {
				ASSETCATALOG_COMPILER_APPICON_NAME = AppIcon;
				COPY_PHASE_STRIP = NO;
				DEBUG_INFORMATION_FORMAT = "dwarf-with-dsym";
				FRAMEWORK_SEARCH_PATHS = "$(inherited)";
				GCC_NO_COMMON_BLOCKS = YES;
				INFOPLIST_FILE = NodeTree/Info.plist;
				IPHONEOS_DEPLOYMENT_TARGET = 8.4;
				LD_RUNPATH_SEARCH_PATHS = "$(inherited) @executable_path/Frameworks";
				LIBRARY_SEARCH_PATHS = "$(inherited)";
				PRODUCT_BUNDLE_IDENTIFIER = "com.ardlong.$(PRODUCT_NAME:rfc1034identifier)";
				PRODUCT_NAME = "$(TARGET_NAME)";
			};
			name = Release;
		};
		AE2AE5881BA3BC8F003C35F8 /* Debug */ = {
			isa = XCBuildConfiguration;
			buildSettings = {
				BUNDLE_LOADER = "$(TEST_HOST)";
				DEBUG_INFORMATION_FORMAT = "dwarf-with-dsym";
				FRAMEWORK_SEARCH_PATHS = (
					"$(SDKROOT)/Developer/Library/Frameworks",
					"$(inherited)",
				);
				GCC_NO_COMMON_BLOCKS = YES;
				GCC_PREPROCESSOR_DEFINITIONS = (
					"DEBUG=1",
					"$(inherited)",
				);
				INFOPLIST_FILE = NodeTreeTests/Info.plist;
				IPHONEOS_DEPLOYMENT_TARGET = 8.4;
				LD_RUNPATH_SEARCH_PATHS = "$(inherited) @executable_path/Frameworks @loader_path/Frameworks";
				PRODUCT_BUNDLE_IDENTIFIER = "com.ardlong.$(PRODUCT_NAME:rfc1034identifier)";
				PRODUCT_NAME = "$(TARGET_NAME)";
				TEST_HOST = "$(BUILT_PRODUCTS_DIR)/NodeTree.app/NodeTree";
			};
			name = Debug;
		};
		AE2AE5891BA3BC8F003C35F8 /* Release */ = {
			isa = XCBuildConfiguration;
			buildSettings = {
				BUNDLE_LOADER = "$(TEST_HOST)";
				COPY_PHASE_STRIP = NO;
				DEBUG_INFORMATION_FORMAT = "dwarf-with-dsym";
				FRAMEWORK_SEARCH_PATHS = (
					"$(SDKROOT)/Developer/Library/Frameworks",
					"$(inherited)",
				);
				GCC_NO_COMMON_BLOCKS = YES;
				INFOPLIST_FILE = NodeTreeTests/Info.plist;
				IPHONEOS_DEPLOYMENT_TARGET = 8.4;
				LD_RUNPATH_SEARCH_PATHS = "$(inherited) @executable_path/Frameworks @loader_path/Frameworks";
				PRODUCT_BUNDLE_IDENTIFIER = "com.ardlong.$(PRODUCT_NAME:rfc1034identifier)";
				PRODUCT_NAME = "$(TARGET_NAME)";
				TEST_HOST = "$(BUILT_PRODUCTS_DIR)/NodeTree.app/NodeTree";
			};
			name = Release;
		};
		AEB9605D1A36ABAD00A363E8 /* Debug */ = {
			isa = XCBuildConfiguration;
			buildSettings = {
				ALWAYS_SEARCH_USER_PATHS = NO;
				CLANG_CXX_LANGUAGE_STANDARD = "gnu++0x";
				CLANG_CXX_LIBRARY = "libc++";
				CLANG_ENABLE_MODULES = YES;
				CLANG_ENABLE_OBJC_ARC = YES;
				CLANG_WARN_BOOL_CONVERSION = YES;
				CLANG_WARN_CONSTANT_CONVERSION = YES;
				CLANG_WARN_DIRECT_OBJC_ISA_USAGE = YES_ERROR;
				CLANG_WARN_EMPTY_BODY = YES;
				CLANG_WARN_ENUM_CONVERSION = YES;
				CLANG_WARN_INT_CONVERSION = YES;
				CLANG_WARN_OBJC_ROOT_CLASS = YES_ERROR;
				CLANG_WARN_UNREACHABLE_CODE = YES;
				CLANG_WARN__DUPLICATE_METHOD_MATCH = YES;
				"CODE_SIGN_IDENTITY[sdk=iphoneos*]" = "iPhone Developer";
				COPY_PHASE_STRIP = NO;
				ENABLE_STRICT_OBJC_MSGSEND = YES;
				ENABLE_TESTABILITY = YES;
				GCC_C_LANGUAGE_STANDARD = gnu99;
				GCC_DYNAMIC_NO_PIC = NO;
				GCC_OPTIMIZATION_LEVEL = 0;
				GCC_PREPROCESSOR_DEFINITIONS = (
					"DEBUG=1",
					"$(inherited)",
				);
				GCC_SYMBOLS_PRIVATE_EXTERN = NO;
				GCC_WARN_64_TO_32_BIT_CONVERSION = YES;
				GCC_WARN_ABOUT_RETURN_TYPE = YES_ERROR;
				GCC_WARN_UNDECLARED_SELECTOR = YES;
				GCC_WARN_UNINITIALIZED_AUTOS = YES_AGGRESSIVE;
				GCC_WARN_UNUSED_FUNCTION = YES;
				GCC_WARN_UNUSED_VARIABLE = YES;
				IPHONEOS_DEPLOYMENT_TARGET = 8.0;
				MTL_ENABLE_DEBUG_INFO = YES;
				ONLY_ACTIVE_ARCH = YES;
				SDKROOT = iphoneos;
				TARGETED_DEVICE_FAMILY = "1,2";
				USER_HEADER_SEARCH_PATHS = "../Submodules/**";
			};
			name = Debug;
		};
		AEB9605E1A36ABAD00A363E8 /* Release */ = {
			isa = XCBuildConfiguration;
			buildSettings = {
				ALWAYS_SEARCH_USER_PATHS = NO;
				CLANG_CXX_LANGUAGE_STANDARD = "gnu++0x";
				CLANG_CXX_LIBRARY = "libc++";
				CLANG_ENABLE_MODULES = YES;
				CLANG_ENABLE_OBJC_ARC = YES;
				CLANG_WARN_BOOL_CONVERSION = YES;
				CLANG_WARN_CONSTANT_CONVERSION = YES;
				CLANG_WARN_DIRECT_OBJC_ISA_USAGE = YES_ERROR;
				CLANG_WARN_EMPTY_BODY = YES;
				CLANG_WARN_ENUM_CONVERSION = YES;
				CLANG_WARN_INT_CONVERSION = YES;
				CLANG_WARN_OBJC_ROOT_CLASS = YES_ERROR;
				CLANG_WARN_UNREACHABLE_CODE = YES;
				CLANG_WARN__DUPLICATE_METHOD_MATCH = YES;
				"CODE_SIGN_IDENTITY[sdk=iphoneos*]" = "iPhone Developer";
				COPY_PHASE_STRIP = YES;
				ENABLE_NS_ASSERTIONS = NO;
				ENABLE_STRICT_OBJC_MSGSEND = YES;
				GCC_C_LANGUAGE_STANDARD = gnu99;
				GCC_WARN_64_TO_32_BIT_CONVERSION = YES;
				GCC_WARN_ABOUT_RETURN_TYPE = YES_ERROR;
				GCC_WARN_UNDECLARED_SELECTOR = YES;
				GCC_WARN_UNINITIALIZED_AUTOS = YES_AGGRESSIVE;
				GCC_WARN_UNUSED_FUNCTION = YES;
				GCC_WARN_UNUSED_VARIABLE = YES;
				IPHONEOS_DEPLOYMENT_TARGET = 8.0;
				MTL_ENABLE_DEBUG_INFO = NO;
				SDKROOT = iphoneos;
				TARGETED_DEVICE_FAMILY = "1,2";
				USER_HEADER_SEARCH_PATHS = "../Submodules/**";
				VALIDATE_PRODUCT = YES;
			};
			name = Release;
		};
/* End XCBuildConfiguration section */

/* Begin XCConfigurationList section */
		AE2AE58A1BA3BC8F003C35F8 /* Build configuration list for PBXNativeTarget "NodeTree" */ = {
			isa = XCConfigurationList;
			buildConfigurations = (
				AE2AE5861BA3BC8F003C35F8 /* Debug */,
				AE2AE5871BA3BC8F003C35F8 /* Release */,
			);
			defaultConfigurationIsVisible = 0;
			defaultConfigurationName = Release;
		};
		AE2AE58B1BA3BC8F003C35F8 /* Build configuration list for PBXNativeTarget "NodeTreeTests" */ = {
			isa = XCConfigurationList;
			buildConfigurations = (
				AE2AE5881BA3BC8F003C35F8 /* Debug */,
				AE2AE5891BA3BC8F003C35F8 /* Release */,
			);
			defaultConfigurationIsVisible = 0;
			defaultConfigurationName = Release;
		};
		AEB960371A36ABAD00A363E8 /* Build configuration list for PBXProject "NodeTree" */ = {
			isa = XCConfigurationList;
			buildConfigurations = (
				AEB9605D1A36ABAD00A363E8 /* Debug */,
				AEB9605E1A36ABAD00A363E8 /* Release */,
			);
			defaultConfigurationIsVisible = 0;
			defaultConfigurationName = Release;
		};
/* End XCConfigurationList section */
	};
	rootObject = AEB960341A36ABAD00A363E8 /* Project object */;
}
